// !$*UTF8*$!
{
	archiveVersion = 1;
	classes = {
	};
	objectVersion = 46;
	objects = {

/* Begin PBXBuildFile section */
		53828E2AB83D7DCE8A3060A5 /* Pods_FirebaseAuthUITests.framework in Frameworks */ = {isa = PBXBuildFile; fileRef = BF09FA203FE584E68BE6E12A /* Pods_FirebaseAuthUITests.framework */; };
		5DB4B931FE7F5D52FFF2AFC0 /* Pods_FirebaseAuth.framework in Frameworks */ = {isa = PBXBuildFile; fileRef = 10EFAD6111B04D1438B3B399 /* Pods_FirebaseAuth.framework */; };
		748BA0481F5B7BE50085397B /* AppDelegate.swift in Sources */ = {isa = PBXBuildFile; fileRef = 748BA0471F5B7BE50085397B /* AppDelegate.swift */; };
		748BA04A1F5B7BE50085397B /* ViewController.swift in Sources */ = {isa = PBXBuildFile; fileRef = 748BA0491F5B7BE50085397B /* ViewController.swift */; };
		748BA04D1F5B7BE50085397B /* Main.storyboard in Resources */ = {isa = PBXBuildFile; fileRef = 748BA04B1F5B7BE50085397B /* Main.storyboard */; };
		748BA04F1F5B7BE50085397B /* Assets.xcassets in Resources */ = {isa = PBXBuildFile; fileRef = 748BA04E1F5B7BE50085397B /* Assets.xcassets */; };
		748BA0521F5B7BE50085397B /* LaunchScreen.storyboard in Resources */ = {isa = PBXBuildFile; fileRef = 748BA0501F5B7BE50085397B /* LaunchScreen.storyboard */; };
		748BA05D1F5B7BE60085397B /* FirebaseAuthTests.swift in Sources */ = {isa = PBXBuildFile; fileRef = 748BA05C1F5B7BE60085397B /* FirebaseAuthTests.swift */; };
		748BA0681F5B7BE60085397B /* FirebaseAuthUITests.swift in Sources */ = {isa = PBXBuildFile; fileRef = 748BA0671F5B7BE60085397B /* FirebaseAuthUITests.swift */; };
		E26025FD78995506913EED7E /* Pods_FirebaseAuthTests.framework in Frameworks */ = {isa = PBXBuildFile; fileRef = 0C67049706FF210366D34155 /* Pods_FirebaseAuthTests.framework */; };
/* End PBXBuildFile section */

/* Begin PBXContainerItemProxy section */
		748BA0591F5B7BE60085397B /* PBXContainerItemProxy */ = {
			isa = PBXContainerItemProxy;
			containerPortal = 748BA03C1F5B7BE50085397B /* Project object */;
			proxyType = 1;
			remoteGlobalIDString = 748BA0431F5B7BE50085397B;
			remoteInfo = FirebaseAuth;
		};
		748BA0641F5B7BE60085397B /* PBXContainerItemProxy */ = {
			isa = PBXContainerItemProxy;
			containerPortal = 748BA03C1F5B7BE50085397B /* Project object */;
			proxyType = 1;
			remoteGlobalIDString = 748BA0431F5B7BE50085397B;
			remoteInfo = FirebaseAuth;
		};
/* End PBXContainerItemProxy section */

/* Begin PBXFileReference section */
		0768B898F412782D2111819E /* Pods-FirebaseAuthUITests.release.xcconfig */ = {isa = PBXFileReference; includeInIndex = 1; lastKnownFileType = text.xcconfig; name = "Pods-FirebaseAuthUITests.release.xcconfig"; path = "Pods/Target Support Files/Pods-FirebaseAuthUITests/Pods-FirebaseAuthUITests.release.xcconfig"; sourceTree = "<group>"; };
		0C67049706FF210366D34155 /* Pods_FirebaseAuthTests.framework */ = {isa = PBXFileReference; explicitFileType = wrapper.framework; includeInIndex = 0; path = Pods_FirebaseAuthTests.framework; sourceTree = BUILT_PRODUCTS_DIR; };
		10EFAD6111B04D1438B3B399 /* Pods_FirebaseAuth.framework */ = {isa = PBXFileReference; explicitFileType = wrapper.framework; includeInIndex = 0; path = Pods_FirebaseAuth.framework; sourceTree = BUILT_PRODUCTS_DIR; };
		55A99AB2888EF34586B3CC9F /* Pods-FirebaseAuthTests.release.xcconfig */ = {isa = PBXFileReference; includeInIndex = 1; lastKnownFileType = text.xcconfig; name = "Pods-FirebaseAuthTests.release.xcconfig"; path = "Pods/Target Support Files/Pods-FirebaseAuthTests/Pods-FirebaseAuthTests.release.xcconfig"; sourceTree = "<group>"; };
		5B307816591EE84E56BC1A9A /* Pods-FirebaseAuth.debug.xcconfig */ = {isa = PBXFileReference; includeInIndex = 1; lastKnownFileType = text.xcconfig; name = "Pods-FirebaseAuth.debug.xcconfig"; path = "Pods/Target Support Files/Pods-FirebaseAuth/Pods-FirebaseAuth.debug.xcconfig"; sourceTree = "<group>"; };
		6282F58E5F482405A073D81E /* Pods-FirebaseAuth.release.xcconfig */ = {isa = PBXFileReference; includeInIndex = 1; lastKnownFileType = text.xcconfig; name = "Pods-FirebaseAuth.release.xcconfig"; path = "Pods/Target Support Files/Pods-FirebaseAuth/Pods-FirebaseAuth.release.xcconfig"; sourceTree = "<group>"; };
		748BA0441F5B7BE50085397B /* FirebaseAuth.app */ = {isa = PBXFileReference; explicitFileType = wrapper.application; includeInIndex = 0; path = FirebaseAuth.app; sourceTree = BUILT_PRODUCTS_DIR; };
		748BA0471F5B7BE50085397B /* AppDelegate.swift */ = {isa = PBXFileReference; lastKnownFileType = sourcecode.swift; path = AppDelegate.swift; sourceTree = "<group>"; };
		748BA0491F5B7BE50085397B /* ViewController.swift */ = {isa = PBXFileReference; lastKnownFileType = sourcecode.swift; path = ViewController.swift; sourceTree = "<group>"; };
		748BA04C1F5B7BE50085397B /* Base */ = {isa = PBXFileReference; lastKnownFileType = file.storyboard; name = Base; path = Base.lproj/Main.storyboard; sourceTree = "<group>"; };
		748BA04E1F5B7BE50085397B /* Assets.xcassets */ = {isa = PBXFileReference; lastKnownFileType = folder.assetcatalog; path = Assets.xcassets; sourceTree = "<group>"; };
		748BA0511F5B7BE50085397B /* Base */ = {isa = PBXFileReference; lastKnownFileType = file.storyboard; name = Base; path = Base.lproj/LaunchScreen.storyboard; sourceTree = "<group>"; };
		748BA0531F5B7BE50085397B /* Info.plist */ = {isa = PBXFileReference; lastKnownFileType = text.plist.xml; path = Info.plist; sourceTree = "<group>"; };
		748BA0581F5B7BE60085397B /* FirebaseAuthTests.xctest */ = {isa = PBXFileReference; explicitFileType = wrapper.cfbundle; includeInIndex = 0; path = FirebaseAuthTests.xctest; sourceTree = BUILT_PRODUCTS_DIR; };
		748BA05C1F5B7BE60085397B /* FirebaseAuthTests.swift */ = {isa = PBXFileReference; lastKnownFileType = sourcecode.swift; path = FirebaseAuthTests.swift; sourceTree = "<group>"; };
		748BA05E1F5B7BE60085397B /* Info.plist */ = {isa = PBXFileReference; lastKnownFileType = text.plist.xml; path = Info.plist; sourceTree = "<group>"; };
		748BA0631F5B7BE60085397B /* FirebaseAuthUITests.xctest */ = {isa = PBXFileReference; explicitFileType = wrapper.cfbundle; includeInIndex = 0; path = FirebaseAuthUITests.xctest; sourceTree = BUILT_PRODUCTS_DIR; };
		748BA0671F5B7BE60085397B /* FirebaseAuthUITests.swift */ = {isa = PBXFileReference; lastKnownFileType = sourcecode.swift; path = FirebaseAuthUITests.swift; sourceTree = "<group>"; };
		748BA0691F5B7BE60085397B /* Info.plist */ = {isa = PBXFileReference; lastKnownFileType = text.plist.xml; path = Info.plist; sourceTree = "<group>"; };
		9A9CA8D12404A141BB186EE4 /* Pods-FirebaseAuthUITests.debug.xcconfig */ = {isa = PBXFileReference; includeInIndex = 1; lastKnownFileType = text.xcconfig; name = "Pods-FirebaseAuthUITests.debug.xcconfig"; path = "Pods/Target Support Files/Pods-FirebaseAuthUITests/Pods-FirebaseAuthUITests.debug.xcconfig"; sourceTree = "<group>"; };
		BF09FA203FE584E68BE6E12A /* Pods_FirebaseAuthUITests.framework */ = {isa = PBXFileReference; explicitFileType = wrapper.framework; includeInIndex = 0; path = Pods_FirebaseAuthUITests.framework; sourceTree = BUILT_PRODUCTS_DIR; };
		CAE4B9C2D1226A1C7BE6867E /* Pods-FirebaseAuthTests.debug.xcconfig */ = {isa = PBXFileReference; includeInIndex = 1; lastKnownFileType = text.xcconfig; name = "Pods-FirebaseAuthTests.debug.xcconfig"; path = "Pods/Target Support Files/Pods-FirebaseAuthTests/Pods-FirebaseAuthTests.debug.xcconfig"; sourceTree = "<group>"; };
/* End PBXFileReference section */

/* Begin PBXFrameworksBuildPhase section */
		748BA0411F5B7BE50085397B /* Frameworks */ = {
			isa = PBXFrameworksBuildPhase;
			buildActionMask = 2147483647;
			files = (
				5DB4B931FE7F5D52FFF2AFC0 /* Pods_FirebaseAuth.framework in Frameworks */,
			);
			runOnlyForDeploymentPostprocessing = 0;
		};
		748BA0551F5B7BE60085397B /* Frameworks */ = {
			isa = PBXFrameworksBuildPhase;
			buildActionMask = 2147483647;
			files = (
				E26025FD78995506913EED7E /* Pods_FirebaseAuthTests.framework in Frameworks */,
			);
			runOnlyForDeploymentPostprocessing = 0;
		};
		748BA0601F5B7BE60085397B /* Frameworks */ = {
			isa = PBXFrameworksBuildPhase;
			buildActionMask = 2147483647;
			files = (
				53828E2AB83D7DCE8A3060A5 /* Pods_FirebaseAuthUITests.framework in Frameworks */,
			);
			runOnlyForDeploymentPostprocessing = 0;
		};
/* End PBXFrameworksBuildPhase section */

/* Begin PBXGroup section */
		748BA03B1F5B7BE50085397B = {
			isa = PBXGroup;
			children = (
				748BA0461F5B7BE50085397B /* FirebaseAuth */,
				748BA05B1F5B7BE60085397B /* FirebaseAuthTests */,
				748BA0661F5B7BE60085397B /* FirebaseAuthUITests */,
				748BA0451F5B7BE50085397B /* Products */,
				889AF50EA401E260F6F0DDBB /* Pods */,
				E82E90E291CAF5BAE868BB34 /* Frameworks */,
			);
			sourceTree = "<group>";
		};
		748BA0451F5B7BE50085397B /* Products */ = {
			isa = PBXGroup;
			children = (
				748BA0441F5B7BE50085397B /* FirebaseAuth.app */,
				748BA0581F5B7BE60085397B /* FirebaseAuthTests.xctest */,
				748BA0631F5B7BE60085397B /* FirebaseAuthUITests.xctest */,
			);
			name = Products;
			sourceTree = "<group>";
		};
		748BA0461F5B7BE50085397B /* FirebaseAuth */ = {
			isa = PBXGroup;
			children = (
				748BA0471F5B7BE50085397B /* AppDelegate.swift */,
				748BA0491F5B7BE50085397B /* ViewController.swift */,
				748BA04B1F5B7BE50085397B /* Main.storyboard */,
				748BA04E1F5B7BE50085397B /* Assets.xcassets */,
				748BA0501F5B7BE50085397B /* LaunchScreen.storyboard */,
				748BA0531F5B7BE50085397B /* Info.plist */,
			);
			path = FirebaseAuth;
			sourceTree = "<group>";
		};
		748BA05B1F5B7BE60085397B /* FirebaseAuthTests */ = {
			isa = PBXGroup;
			children = (
				748BA05C1F5B7BE60085397B /* FirebaseAuthTests.swift */,
				748BA05E1F5B7BE60085397B /* Info.plist */,
			);
			path = FirebaseAuthTests;
			sourceTree = "<group>";
		};
		748BA0661F5B7BE60085397B /* FirebaseAuthUITests */ = {
			isa = PBXGroup;
			children = (
				748BA0671F5B7BE60085397B /* FirebaseAuthUITests.swift */,
				748BA0691F5B7BE60085397B /* Info.plist */,
			);
			path = FirebaseAuthUITests;
			sourceTree = "<group>";
		};
		889AF50EA401E260F6F0DDBB /* Pods */ = {
			isa = PBXGroup;
			children = (
				5B307816591EE84E56BC1A9A /* Pods-FirebaseAuth.debug.xcconfig */,
				6282F58E5F482405A073D81E /* Pods-FirebaseAuth.release.xcconfig */,
				CAE4B9C2D1226A1C7BE6867E /* Pods-FirebaseAuthTests.debug.xcconfig */,
				55A99AB2888EF34586B3CC9F /* Pods-FirebaseAuthTests.release.xcconfig */,
				9A9CA8D12404A141BB186EE4 /* Pods-FirebaseAuthUITests.debug.xcconfig */,
				0768B898F412782D2111819E /* Pods-FirebaseAuthUITests.release.xcconfig */,
			);
			name = Pods;
			sourceTree = "<group>";
		};
		E82E90E291CAF5BAE868BB34 /* Frameworks */ = {
			isa = PBXGroup;
			children = (
				10EFAD6111B04D1438B3B399 /* Pods_FirebaseAuth.framework */,
				0C67049706FF210366D34155 /* Pods_FirebaseAuthTests.framework */,
				BF09FA203FE584E68BE6E12A /* Pods_FirebaseAuthUITests.framework */,
			);
			name = Frameworks;
			sourceTree = "<group>";
		};
/* End PBXGroup section */

/* Begin PBXNativeTarget section */
		748BA0431F5B7BE50085397B /* FirebaseAuth */ = {
			isa = PBXNativeTarget;
			buildConfigurationList = 748BA06C1F5B7BE60085397B /* Build configuration list for PBXNativeTarget "FirebaseAuth" */;
			buildPhases = (
				F6E302A098A1FE5DB46A178A /* [CP] Check Pods Manifest.lock */,
				748BA0401F5B7BE50085397B /* Sources */,
				748BA0411F5B7BE50085397B /* Frameworks */,
				748BA0421F5B7BE50085397B /* Resources */,
				B66EB50A9AD5204EC0DD26F1 /* [CP] Embed Pods Frameworks */,
				7229AEBC6CACF44C66E7D2E1 /* [CP] Copy Pods Resources */,
			);
			buildRules = (
			);
			dependencies = (
			);
			name = FirebaseAuth;
			productName = FirebaseAuth;
			productReference = 748BA0441F5B7BE50085397B /* FirebaseAuth.app */;
			productType = "com.apple.product-type.application";
		};
		748BA0571F5B7BE60085397B /* FirebaseAuthTests */ = {
			isa = PBXNativeTarget;
			buildConfigurationList = 748BA06F1F5B7BE60085397B /* Build configuration list for PBXNativeTarget "FirebaseAuthTests" */;
			buildPhases = (
				F812F6A096B38A825A2DBDA6 /* [CP] Check Pods Manifest.lock */,
				748BA0541F5B7BE60085397B /* Sources */,
				748BA0551F5B7BE60085397B /* Frameworks */,
				748BA0561F5B7BE60085397B /* Resources */,
				57996C3912709D416EAFC60E /* [CP] Embed Pods Frameworks */,
				D7127EB096593ACB42606FAF /* [CP] Copy Pods Resources */,
			);
			buildRules = (
			);
			dependencies = (
				748BA05A1F5B7BE60085397B /* PBXTargetDependency */,
			);
			name = FirebaseAuthTests;
			productName = FirebaseAuthTests;
			productReference = 748BA0581F5B7BE60085397B /* FirebaseAuthTests.xctest */;
			productType = "com.apple.product-type.bundle.unit-test";
		};
		748BA0621F5B7BE60085397B /* FirebaseAuthUITests */ = {
			isa = PBXNativeTarget;
			buildConfigurationList = 748BA0721F5B7BE60085397B /* Build configuration list for PBXNativeTarget "FirebaseAuthUITests" */;
			buildPhases = (
				5513327EC1065F5FA9D7E627 /* [CP] Check Pods Manifest.lock */,
				748BA05F1F5B7BE60085397B /* Sources */,
				748BA0601F5B7BE60085397B /* Frameworks */,
				748BA0611F5B7BE60085397B /* Resources */,
				9A50D17881AFDD2023E81991 /* [CP] Embed Pods Frameworks */,
				FA11F3C9AAF944E260A8B850 /* [CP] Copy Pods Resources */,
			);
			buildRules = (
			);
			dependencies = (
				748BA0651F5B7BE60085397B /* PBXTargetDependency */,
			);
			name = FirebaseAuthUITests;
			productName = FirebaseAuthUITests;
			productReference = 748BA0631F5B7BE60085397B /* FirebaseAuthUITests.xctest */;
			productType = "com.apple.product-type.bundle.ui-testing";
		};
/* End PBXNativeTarget section */

/* Begin PBXProject section */
		748BA03C1F5B7BE50085397B /* Project object */ = {
			isa = PBXProject;
			attributes = {
				LastSwiftUpdateCheck = 0830;
				LastUpgradeCheck = 0830;
				ORGANIZATIONNAME = ayako_sayama;
				TargetAttributes = {
					748BA0431F5B7BE50085397B = {
						CreatedOnToolsVersion = 8.3.3;
						DevelopmentTeam = C3K7W93VDC;
						ProvisioningStyle = Automatic;
					};
					748BA0571F5B7BE60085397B = {
						CreatedOnToolsVersion = 8.3.3;
						ProvisioningStyle = Automatic;
						TestTargetID = 748BA0431F5B7BE50085397B;
					};
					748BA0621F5B7BE60085397B = {
						CreatedOnToolsVersion = 8.3.3;
						ProvisioningStyle = Automatic;
						TestTargetID = 748BA0431F5B7BE50085397B;
					};
				};
			};
			buildConfigurationList = 748BA03F1F5B7BE50085397B /* Build configuration list for PBXProject "FirebaseAuth" */;
			compatibilityVersion = "Xcode 3.2";
			developmentRegion = English;
			hasScannedForEncodings = 0;
			knownRegions = (
				en,
				Base,
			);
			mainGroup = 748BA03B1F5B7BE50085397B;
			productRefGroup = 748BA0451F5B7BE50085397B /* Products */;
			projectDirPath = "";
			projectRoot = "";
			targets = (
				748BA0431F5B7BE50085397B /* FirebaseAuth */,
				748BA0571F5B7BE60085397B /* FirebaseAuthTests */,
				748BA0621F5B7BE60085397B /* FirebaseAuthUITests */,
			);
		};
/* End PBXProject section */

/* Begin PBXResourcesBuildPhase section */
		748BA0421F5B7BE50085397B /* Resources */ = {
			isa = PBXResourcesBuildPhase;
			buildActionMask = 2147483647;
			files = (
				748BA0521F5B7BE50085397B /* LaunchScreen.storyboard in Resources */,
				748BA04F1F5B7BE50085397B /* Assets.xcassets in Resources */,
				748BA04D1F5B7BE50085397B /* Main.storyboard in Resources */,
			);
			runOnlyForDeploymentPostprocessing = 0;
		};
		748BA0561F5B7BE60085397B /* Resources */ = {
			isa = PBXResourcesBuildPhase;
			buildActionMask = 2147483647;
			files = (
			);
			runOnlyForDeploymentPostprocessing = 0;
		};
		748BA0611F5B7BE60085397B /* Resources */ = {
			isa = PBXResourcesBuildPhase;
			buildActionMask = 2147483647;
			files = (
			);
			runOnlyForDeploymentPostprocessing = 0;
		};
/* End PBXResourcesBuildPhase section */

/* Begin PBXShellScriptBuildPhase section */
		5513327EC1065F5FA9D7E627 /* [CP] Check Pods Manifest.lock */ = {
			isa = PBXShellScriptBuildPhase;
			buildActionMask = 2147483647;
			files = (
			);
			inputPaths = (
			);
			name = "[CP] Check Pods Manifest.lock";
			outputPaths = (
			);
			runOnlyForDeploymentPostprocessing = 0;
			shellPath = /bin/sh;
			shellScript = "diff \"${PODS_PODFILE_DIR_PATH}/Podfile.lock\" \"${PODS_ROOT}/Manifest.lock\" > /dev/null\nif [ $? != 0 ] ; then\n    # print error to STDERR\n    echo \"error: The sandbox is not in sync with the Podfile.lock. Run 'pod install' or update your CocoaPods installation.\" >&2\n    exit 1\nfi\n";
			showEnvVarsInLog = 0;
		};
		57996C3912709D416EAFC60E /* [CP] Embed Pods Frameworks */ = {
			isa = PBXShellScriptBuildPhase;
			buildActionMask = 2147483647;
			files = (
			);
			inputPaths = (
			);
			name = "[CP] Embed Pods Frameworks";
			outputPaths = (
			);
			runOnlyForDeploymentPostprocessing = 0;
			shellPath = /bin/sh;
			shellScript = "\"${SRCROOT}/Pods/Target Support Files/Pods-FirebaseAuthTests/Pods-FirebaseAuthTests-frameworks.sh\"\n";
			showEnvVarsInLog = 0;
		};
		7229AEBC6CACF44C66E7D2E1 /* [CP] Copy Pods Resources */ = {
			isa = PBXShellScriptBuildPhase;
			buildActionMask = 2147483647;
			files = (
			);
			inputPaths = (
			);
			name = "[CP] Copy Pods Resources";
			outputPaths = (
			);
			runOnlyForDeploymentPostprocessing = 0;
			shellPath = /bin/sh;
			shellScript = "\"${SRCROOT}/Pods/Target Support Files/Pods-FirebaseAuth/Pods-FirebaseAuth-resources.sh\"\n";
			showEnvVarsInLog = 0;
		};
		9A50D17881AFDD2023E81991 /* [CP] Embed Pods Frameworks */ = {
			isa = PBXShellScriptBuildPhase;
			buildActionMask = 2147483647;
			files = (
			);
			inputPaths = (
			);
			name = "[CP] Embed Pods Frameworks";
			outputPaths = (
			);
			runOnlyForDeploymentPostprocessing = 0;
			shellPath = /bin/sh;
			shellScript = "\"${SRCROOT}/Pods/Target Support Files/Pods-FirebaseAuthUITests/Pods-FirebaseAuthUITests-frameworks.sh\"\n";
			showEnvVarsInLog = 0;
		};
		B66EB50A9AD5204EC0DD26F1 /* [CP] Embed Pods Frameworks */ = {
			isa = PBXShellScriptBuildPhase;
			buildActionMask = 2147483647;
			files = (
			);
			inputPaths = (
			);
			name = "[CP] Embed Pods Frameworks";
			outputPaths = (
			);
			runOnlyForDeploymentPostprocessing = 0;
			shellPath = /bin/sh;
			shellScript = "\"${SRCROOT}/Pods/Target Support Files/Pods-FirebaseAuth/Pods-FirebaseAuth-frameworks.sh\"\n";
			showEnvVarsInLog = 0;
		};
		D7127EB096593ACB42606FAF /* [CP] Copy Pods Resources */ = {
			isa = PBXShellScriptBuildPhase;
			buildActionMask = 2147483647;
			files = (
			);
			inputPaths = (
			);
			name = "[CP] Copy Pods Resources";
			outputPaths = (
			);
			runOnlyForDeploymentPostprocessing = 0;
			shellPath = /bin/sh;
			shellScript = "\"${SRCROOT}/Pods/Target Support Files/Pods-FirebaseAuthTests/Pods-FirebaseAuthTests-resources.sh\"\n";
			showEnvVarsInLog = 0;
		};
		F6E302A098A1FE5DB46A178A /* [CP] Check Pods Manifest.lock */ = {
			isa = PBXShellScriptBuildPhase;
			buildActionMask = 2147483647;
			files = (
			);
			inputPaths = (
			);
			name = "[CP] Check Pods Manifest.lock";
			outputPaths = (
			);
			runOnlyForDeploymentPostprocessing = 0;
			shellPath = /bin/sh;
			shellScript = "diff \"${PODS_PODFILE_DIR_PATH}/Podfile.lock\" \"${PODS_ROOT}/Manifest.lock\" > /dev/null\nif [ $? != 0 ] ; then\n    # print error to STDERR\n    echo \"error: The sandbox is not in sync with the Podfile.lock. Run 'pod install' or update your CocoaPods installation.\" >&2\n    exit 1\nfi\n";
			showEnvVarsInLog = 0;
		};
		F812F6A096B38A825A2DBDA6 /* [CP] Check Pods Manifest.lock */ = {
			isa = PBXShellScriptBuildPhase;
			buildActionMask = 2147483647;
			files = (
			);
			inputPaths = (
			);
			name = "[CP] Check Pods Manifest.lock";
			outputPaths = (
			);
			runOnlyForDeploymentPostprocessing = 0;
			shellPath = /bin/sh;
			shellScript = "diff \"${PODS_PODFILE_DIR_PATH}/Podfile.lock\" \"${PODS_ROOT}/Manifest.lock\" > /dev/null\nif [ $? != 0 ] ; then\n    # print error to STDERR\n    echo \"error: The sandbox is not in sync with the Podfile.lock. Run 'pod install' or update your CocoaPods installation.\" >&2\n    exit 1\nfi\n";
			showEnvVarsInLog = 0;
		};
		FA11F3C9AAF944E260A8B850 /* [CP] Copy Pods Resources */ = {
			isa = PBXShellScriptBuildPhase;
			buildActionMask = 2147483647;
			files = (
			);
			inputPaths = (
			);
			name = "[CP] Copy Pods Resources";
			outputPaths = (
			);
			runOnlyForDeploymentPostprocessing = 0;
			shellPath = /bin/sh;
			shellScript = "\"${SRCROOT}/Pods/Target Support Files/Pods-FirebaseAuthUITests/Pods-FirebaseAuthUITests-resources.sh\"\n";
			showEnvVarsInLog = 0;
		};
/* End PBXShellScriptBuildPhase section */

/* Begin PBXSourcesBuildPhase section */
		748BA0401F5B7BE50085397B /* Sources */ = {
			isa = PBXSourcesBuildPhase;
			buildActionMask = 2147483647;
			files = (
				748BA04A1F5B7BE50085397B /* ViewController.swift in Sources */,
				748BA0481F5B7BE50085397B /* AppDelegate.swift in Sources */,
			);
			runOnlyForDeploymentPostprocessing = 0;
		};
		748BA0541F5B7BE60085397B /* Sources */ = {
			isa = PBXSourcesBuildPhase;
			buildActionMask = 2147483647;
			files = (
				748BA05D1F5B7BE60085397B /* FirebaseAuthTests.swift in Sources */,
			);
			runOnlyForDeploymentPostprocessing = 0;
		};
		748BA05F1F5B7BE60085397B /* Sources */ = {
			isa = PBXSourcesBuildPhase;
			buildActionMask = 2147483647;
			files = (
				748BA0681F5B7BE60085397B /* FirebaseAuthUITests.swift in Sources */,
			);
			runOnlyForDeploymentPostprocessing = 0;
		};
/* End PBXSourcesBuildPhase section */

/* Begin PBXTargetDependency section */
		748BA05A1F5B7BE60085397B /* PBXTargetDependency */ = {
			isa = PBXTargetDependency;
			target = 748BA0431F5B7BE50085397B /* FirebaseAuth */;
			targetProxy = 748BA0591F5B7BE60085397B /* PBXContainerItemProxy */;
		};
		748BA0651F5B7BE60085397B /* PBXTargetDependency */ = {
			isa = PBXTargetDependency;
			target = 748BA0431F5B7BE50085397B /* FirebaseAuth */;
			targetProxy = 748BA0641F5B7BE60085397B /* PBXContainerItemProxy */;
		};
/* End PBXTargetDependency section */

/* Begin PBXVariantGroup section */
		748BA04B1F5B7BE50085397B /* Main.storyboard */ = {
			isa = PBXVariantGroup;
			children = (
				748BA04C1F5B7BE50085397B /* Base */,
			);
			name = Main.storyboard;
			sourceTree = "<group>";
		};
		748BA0501F5B7BE50085397B /* LaunchScreen.storyboard */ = {
			isa = PBXVariantGroup;
			children = (
				748BA0511F5B7BE50085397B /* Base */,
			);
			name = LaunchScreen.storyboard;
			sourceTree = "<group>";
		};
/* End PBXVariantGroup section */

/* Begin XCBuildConfiguration section */
		748BA06A1F5B7BE60085397B /* Debug */ = {
			isa = XCBuildConfiguration;
			buildSettings = {
				ALWAYS_SEARCH_USER_PATHS = NO;
				CLANG_ANALYZER_NONNULL = YES;
				CLANG_ANALYZER_NUMBER_OBJECT_CONVERSION = YES_AGGRESSIVE;
				CLANG_CXX_LANGUAGE_STANDARD = "gnu++0x";
				CLANG_CXX_LIBRARY = "libc++";
				CLANG_ENABLE_MODULES = YES;
				CLANG_ENABLE_OBJC_ARC = YES;
				CLANG_WARN_BOOL_CONVERSION = YES;
				CLANG_WARN_CONSTANT_CONVERSION = YES;
				CLANG_WARN_DIRECT_OBJC_ISA_USAGE = YES_ERROR;
				CLANG_WARN_DOCUMENTATION_COMMENTS = YES;
				CLANG_WARN_EMPTY_BODY = YES;
				CLANG_WARN_ENUM_CONVERSION = YES;
				CLANG_WARN_INFINITE_RECURSION = YES;
				CLANG_WARN_INT_CONVERSION = YES;
				CLANG_WARN_OBJC_ROOT_CLASS = YES_ERROR;
				CLANG_WARN_SUSPICIOUS_MOVE = YES;
				CLANG_WARN_UNREACHABLE_CODE = YES;
				CLANG_WARN__DUPLICATE_METHOD_MATCH = YES;
				"CODE_SIGN_IDENTITY[sdk=iphoneos*]" = "iPhone Developer";
				COPY_PHASE_STRIP = NO;
				DEBUG_INFORMATION_FORMAT = dwarf;
				ENABLE_STRICT_OBJC_MSGSEND = YES;
				ENABLE_TESTABILITY = YES;
				GCC_C_LANGUAGE_STANDARD = gnu99;
				GCC_DYNAMIC_NO_PIC = NO;
				GCC_NO_COMMON_BLOCKS = YES;
				GCC_OPTIMIZATION_LEVEL = 0;
				GCC_PREPROCESSOR_DEFINITIONS = (
					"DEBUG=1",
					"$(inherited)",
				);
				GCC_WARN_64_TO_32_BIT_CONVERSION = YES;
				GCC_WARN_ABOUT_RETURN_TYPE = YES_ERROR;
				GCC_WARN_UNDECLARED_SELECTOR = YES;
				GCC_WARN_UNINITIALIZED_AUTOS = YES_AGGRESSIVE;
				GCC_WARN_UNUSED_FUNCTION = YES;
				GCC_WARN_UNUSED_VARIABLE = YES;
				IPHONEOS_DEPLOYMENT_TARGET = 10.3;
				MTL_ENABLE_DEBUG_INFO = YES;
				ONLY_ACTIVE_ARCH = YES;
				SDKROOT = iphoneos;
				SWIFT_ACTIVE_COMPILATION_CONDITIONS = DEBUG;
				SWIFT_OPTIMIZATION_LEVEL = "-Onone";
				TARGETED_DEVICE_FAMILY = "1,2";
			};
			name = Debug;
		};
		748BA06B1F5B7BE60085397B /* Release */ = {
			isa = XCBuildConfiguration;
			buildSettings = {
				ALWAYS_SEARCH_USER_PATHS = NO;
				CLANG_ANALYZER_NONNULL = YES;
				CLANG_ANALYZER_NUMBER_OBJECT_CONVERSION = YES_AGGRESSIVE;
				CLANG_CXX_LANGUAGE_STANDARD = "gnu++0x";
				CLANG_CXX_LIBRARY = "libc++";
				CLANG_ENABLE_MODULES = YES;
				CLANG_ENABLE_OBJC_ARC = YES;
				CLANG_WARN_BOOL_CONVERSION = YES;
				CLANG_WARN_CONSTANT_CONVERSION = YES;
				CLANG_WARN_DIRECT_OBJC_ISA_USAGE = YES_ERROR;
				CLANG_WARN_DOCUMENTATION_COMMENTS = YES;
				CLANG_WARN_EMPTY_BODY = YES;
				CLANG_WARN_ENUM_CONVERSION = YES;
				CLANG_WARN_INFINITE_RECURSION = YES;
				CLANG_WARN_INT_CONVERSION = YES;
				CLANG_WARN_OBJC_ROOT_CLASS = YES_ERROR;
				CLANG_WARN_SUSPICIOUS_MOVE = YES;
				CLANG_WARN_UNREACHABLE_CODE = YES;
				CLANG_WARN__DUPLICATE_METHOD_MATCH = YES;
				"CODE_SIGN_IDENTITY[sdk=iphoneos*]" = "iPhone Developer";
				COPY_PHASE_STRIP = NO;
				DEBUG_INFORMATION_FORMAT = "dwarf-with-dsym";
				ENABLE_NS_ASSERTIONS = NO;
				ENABLE_STRICT_OBJC_MSGSEND = YES;
				GCC_C_LANGUAGE_STANDARD = gnu99;
				GCC_NO_COMMON_BLOCKS = YES;
				GCC_WARN_64_TO_32_BIT_CONVERSION = YES;
				GCC_WARN_ABOUT_RETURN_TYPE = YES_ERROR;
				GCC_WARN_UNDECLARED_SELECTOR = YES;
				GCC_WARN_UNINITIALIZED_AUTOS = YES_AGGRESSIVE;
				GCC_WARN_UNUSED_FUNCTION = YES;
				GCC_WARN_UNUSED_VARIABLE = YES;
				IPHONEOS_DEPLOYMENT_TARGET = 10.3;
				MTL_ENABLE_DEBUG_INFO = NO;
				SDKROOT = iphoneos;
				SWIFT_OPTIMIZATION_LEVEL = "-Owholemodule";
				TARGETED_DEVICE_FAMILY = "1,2";
				VALIDATE_PRODUCT = YES;
			};
			name = Release;
		};
		748BA06D1F5B7BE60085397B /* Debug */ = {
			isa = XCBuildConfiguration;
			baseConfigurationReference = 5B307816591EE84E56BC1A9A /* Pods-FirebaseAuth.debug.xcconfig */;
			buildSettings = {
				ASSETCATALOG_COMPILER_APPICON_NAME = AppIcon;
				DEVELOPMENT_TEAM = C3K7W93VDC;
				FRAMEWORK_SEARCH_PATHS = (
					"$(inherited)",
					"$(PROJECT_DIR)",
				);
				INFOPLIST_FILE = FirebaseAuth/Info.plist;
				LD_RUNPATH_SEARCH_PATHS = "$(inherited) @executable_path/Frameworks";
				PRODUCT_BUNDLE_IDENTIFIER = com.ayakosayama.FirebaseAuth;
				PRODUCT_NAME = "$(TARGET_NAME)";
				SWIFT_VERSION = 3.0;
			};
			name = Debug;
		};
		748BA06E1F5B7BE60085397B /* Release */ = {
			isa = XCBuildConfiguration;
			baseConfigurationReference = 6282F58E5F482405A073D81E /* Pods-FirebaseAuth.release.xcconfig */;
			buildSettings = {
				ASSETCATALOG_COMPILER_APPICON_NAME = AppIcon;
				DEVELOPMENT_TEAM = C3K7W93VDC;
				FRAMEWORK_SEARCH_PATHS = (
					"$(inherited)",
					"$(PROJECT_DIR)",
				);
				"FRAMEWORK_SEARCH_PATHS[arch=*]" = (
					"$(inherited)",
					"$(PROJECT_DIR)/Documents/FacebookSDK",
				);
				INFOPLIST_FILE = FirebaseAuth/Info.plist;
				LD_RUNPATH_SEARCH_PATHS = "$(inherited) @executable_path/Frameworks";
				PRODUCT_BUNDLE_IDENTIFIER = com.ayakosayama.FirebaseAuth;
				PRODUCT_NAME = "$(TARGET_NAME)";
				SWIFT_VERSION = 3.0;
			};
			name = Release;
		};
		748BA0701F5B7BE60085397B /* Debug */ = {
			isa = XCBuildConfiguration;
			baseConfigurationReference = CAE4B9C2D1226A1C7BE6867E /* Pods-FirebaseAuthTests.debug.xcconfig */;
			buildSettings = {
				ALWAYS_EMBED_SWIFT_STANDARD_LIBRARIES = YES;
				BUNDLE_LOADER = "$(TEST_HOST)";
				INFOPLIST_FILE = FirebaseAuthTests/Info.plist;
				LD_RUNPATH_SEARCH_PATHS = "$(inherited) @executable_path/Frameworks @loader_path/Frameworks";
				PRODUCT_BUNDLE_IDENTIFIER = com.ayakosayama.FirebaseAuthTests;
				PRODUCT_NAME = "$(TARGET_NAME)";
				SWIFT_VERSION = 3.0;
				TEST_HOST = "$(BUILT_PRODUCTS_DIR)/FirebaseAuth.app/FirebaseAuth";
			};
			name = Debug;
		};
		748BA0711F5B7BE60085397B /* Release */ = {
			isa = XCBuildConfiguration;
			baseConfigurationReference = 55A99AB2888EF34586B3CC9F /* Pods-FirebaseAuthTests.release.xcconfig */;
			buildSettings = {
				ALWAYS_EMBED_SWIFT_STANDARD_LIBRARIES = YES;
				BUNDLE_LOADER = "$(TEST_HOST)";
				INFOPLIST_FILE = FirebaseAuthTests/Info.plist;
				LD_RUNPATH_SEARCH_PATHS = "$(inherited) @executable_path/Frameworks @loader_path/Frameworks";
				PRODUCT_BUNDLE_IDENTIFIER = com.ayakosayama.FirebaseAuthTests;
				PRODUCT_NAME = "$(TARGET_NAME)";
				SWIFT_VERSION = 3.0;
				TEST_HOST = "$(BUILT_PRODUCTS_DIR)/FirebaseAuth.app/FirebaseAuth";
			};
			name = Release;
		};
		748BA0731F5B7BE60085397B /* Debug */ = {
			isa = XCBuildConfiguration;
			baseConfigurationReference = 9A9CA8D12404A141BB186EE4 /* Pods-FirebaseAuthUITests.debug.xcconfig */;
			buildSettings = {
				ALWAYS_EMBED_SWIFT_STANDARD_LIBRARIES = YES;
				INFOPLIST_FILE = FirebaseAuthUITests/Info.plist;
				LD_RUNPATH_SEARCH_PATHS = "$(inherited) @executable_path/Frameworks @loader_path/Frameworks";
				PRODUCT_BUNDLE_IDENTIFIER = com.ayakosayama.FirebaseAuthUITests;
				PRODUCT_NAME = "$(TARGET_NAME)";
				SWIFT_VERSION = 3.0;
				TEST_TARGET_NAME = FirebaseAuth;
			};
			name = Debug;
		};
		748BA0741F5B7BE60085397B /* Release */ = {
			isa = XCBuildConfiguration;
			baseConfigurationReference = 0768B898F412782D2111819E /* Pods-FirebaseAuthUITests.release.xcconfig */;
			buildSettings = {
				ALWAYS_EMBED_SWIFT_STANDARD_LIBRARIES = YES;
				INFOPLIST_FILE = FirebaseAuthUITests/Info.plist;
				LD_RUNPATH_SEARCH_PATHS = "$(inherited) @executable_path/Frameworks @loader_path/Frameworks";
				PRODUCT_BUNDLE_IDENTIFIER = com.ayakosayama.FirebaseAuthUITests;
				PRODUCT_NAME = "$(TARGET_NAME)";
				SWIFT_VERSION = 3.0;
				TEST_TARGET_NAME = FirebaseAuth;
			};
			name = Release;
		};
/* End XCBuildConfiguration section */

/* Begin XCConfigurationList section */
		748BA03F1F5B7BE50085397B /* Build configuration list for PBXProject "FirebaseAuth" */ = {
			isa = XCConfigurationList;
			buildConfigurations = (
				748BA06A1F5B7BE60085397B /* Debug */,
				748BA06B1F5B7BE60085397B /* Release */,
			);
			defaultConfigurationIsVisible = 0;
			defaultConfigurationName = Release;
		};
		748BA06C1F5B7BE60085397B /* Build configuration list for PBXNativeTarget "FirebaseAuth" */ = {
			isa = XCConfigurationList;
			buildConfigurations = (
				748BA06D1F5B7BE60085397B /* Debug */,
				748BA06E1F5B7BE60085397B /* Release */,
			);
			defaultConfigurationIsVisible = 0;
			defaultConfigurationName = Release;
		};
		748BA06F1F5B7BE60085397B /* Build configuration list for PBXNativeTarget "FirebaseAuthTests" */ = {
			isa = XCConfigurationList;
			buildConfigurations = (
				748BA0701F5B7BE60085397B /* Debug */,
				748BA0711F5B7BE60085397B /* Release */,
			);
			defaultConfigurationIsVisible = 0;
			defaultConfigurationName = Release;
		};
		748BA0721F5B7BE60085397B /* Build configuration list for PBXNativeTarget "FirebaseAuthUITests" */ = {
			isa = XCConfigurationList;
			buildConfigurations = (
				748BA0731F5B7BE60085397B /* Debug */,
				748BA0741F5B7BE60085397B /* Release */,
			);
			defaultConfigurationIsVisible = 0;
			defaultConfigurationName = Release;
		};
/* End XCConfigurationList section */
	};
	rootObject = 748BA03C1F5B7BE50085397B /* Project object */;
}
