// !$*UTF8*$!
{
	archiveVersion = 1;
	classes = {
	};
	objectVersion = 46;
	objects = {

/* Begin PBXBuildFile section */
		749910DE1ED8CF7B00581369 /* AppDelegate.swift in Sources */ = {isa = PBXBuildFile; fileRef = 749910DD1ED8CF7B00581369 /* AppDelegate.swift */; };
		749910E01ED8CF7B00581369 /* ViewController.swift in Sources */ = {isa = PBXBuildFile; fileRef = 749910DF1ED8CF7B00581369 /* ViewController.swift */; };
		749910E31ED8CF7B00581369 /* Main.storyboard in Resources */ = {isa = PBXBuildFile; fileRef = 749910E11ED8CF7B00581369 /* Main.storyboard */; };
		749910E51ED8CF7B00581369 /* Assets.xcassets in Resources */ = {isa = PBXBuildFile; fileRef = 749910E41ED8CF7B00581369 /* Assets.xcassets */; };
		749910E81ED8CF7B00581369 /* LaunchScreen.storyboard in Resources */ = {isa = PBXBuildFile; fileRef = 749910E61ED8CF7B00581369 /* LaunchScreen.storyboard */; };
/* End PBXBuildFile section */

/* Begin PBXFileReference section */
		749910DA1ED8CF7B00581369 /* practice4-constraint.app */ = {isa = PBXFileReference; explicitFileType = wrapper.application; includeInIndex = 0; path = "practice4-constraint.app"; sourceTree = BUILT_PRODUCTS_DIR; };
		749910DD1ED8CF7B00581369 /* AppDelegate.swift */ = {isa = PBXFileReference; lastKnownFileType = sourcecode.swift; path = AppDelegate.swift; sourceTree = "<group>"; };
		749910DF1ED8CF7B00581369 /* ViewController.swift */ = {isa = PBXFileReference; lastKnownFileType = sourcecode.swift; path = ViewController.swift; sourceTree = "<group>"; };
		749910E21ED8CF7B00581369 /* Base */ = {isa = PBXFileReference; lastKnownFileType = file.storyboard; name = Base; path = Base.lproj/Main.storyboard; sourceTree = "<group>"; };
		749910E41ED8CF7B00581369 /* Assets.xcassets */ = {isa = PBXFileReference; lastKnownFileType = folder.assetcatalog; path = Assets.xcassets; sourceTree = "<group>"; };
		749910E71ED8CF7B00581369 /* Base */ = {isa = PBXFileReference; lastKnownFileType = file.storyboard; name = Base; path = Base.lproj/LaunchScreen.storyboard; sourceTree = "<group>"; };
		749910E91ED8CF7B00581369 /* Info.plist */ = {isa = PBXFileReference; lastKnownFileType = text.plist.xml; path = Info.plist; sourceTree = "<group>"; };
/* End PBXFileReference section */

/* Begin PBXFrameworksBuildPhase section */
		749910D71ED8CF7B00581369 /* Frameworks */ = {
			isa = PBXFrameworksBuildPhase;
			buildActionMask = 2147483647;
			files = (
			);
			runOnlyForDeploymentPostprocessing = 0;
		};
/* End PBXFrameworksBuildPhase section */

/* Begin PBXGroup section */
		749910D11ED8CF7B00581369 = {
			isa = PBXGroup;
			children = (
				749910DC1ED8CF7B00581369 /* practice4-constraint */,
				749910DB1ED8CF7B00581369 /* Products */,
			);
			sourceTree = "<group>";
		};
		749910DB1ED8CF7B00581369 /* Products */ = {
			isa = PBXGroup;
			children = (
				749910DA1ED8CF7B00581369 /* practice4-constraint.app */,
			);
			name = Products;
			sourceTree = "<group>";
		};
		749910DC1ED8CF7B00581369 /* practice4-constraint */ = {
			isa = PBXGroup;
			children = (
				749910DD1ED8CF7B00581369 /* AppDelegate.swift */,
				749910DF1ED8CF7B00581369 /* ViewController.swift */,
				749910E11ED8CF7B00581369 /* Main.storyboard */,
				749910E41ED8CF7B00581369 /* Assets.xcassets */,
				749910E61ED8CF7B00581369 /* LaunchScreen.storyboard */,
				749910E91ED8CF7B00581369 /* Info.plist */,
			);
			path = "practice4-constraint";
			sourceTree = "<group>";
		};
/* End PBXGroup section */

/* Begin PBXNativeTarget section */
		749910D91ED8CF7B00581369 /* practice4-constraint */ = {
			isa = PBXNativeTarget;
			buildConfigurationList = 749910EC1ED8CF7B00581369 /* Build configuration list for PBXNativeTarget "practice4-constraint" */;
			buildPhases = (
				749910D61ED8CF7B00581369 /* Sources */,
				749910D71ED8CF7B00581369 /* Frameworks */,
				749910D81ED8CF7B00581369 /* Resources */,
			);
			buildRules = (
			);
			dependencies = (
			);
			name = "practice4-constraint";
			productName = "practice4-constraint";
			productReference = 749910DA1ED8CF7B00581369 /* practice4-constraint.app */;
			productType = "com.apple.product-type.application";
		};
/* End PBXNativeTarget section */

/* Begin PBXProject section */
		749910D21ED8CF7B00581369 /* Project object */ = {
			isa = PBXProject;
			attributes = {
				LastSwiftUpdateCheck = 0830;
				LastUpgradeCheck = 0830;
				ORGANIZATIONNAME = ayako_sayama;
				TargetAttributes = {
					749910D91ED8CF7B00581369 = {
						CreatedOnToolsVersion = 8.3.2;
						ProvisioningStyle = Automatic;
					};
				};
			};
			buildConfigurationList = 749910D51ED8CF7B00581369 /* Build configuration list for PBXProject "practice4-constraint" */;
			compatibilityVersion = "Xcode 3.2";
			developmentRegion = English;
			hasScannedForEncodings = 0;
			knownRegions = (
				en,
				Base,
			);
			mainGroup = 749910D11ED8CF7B00581369;
			productRefGroup = 749910DB1ED8CF7B00581369 /* Products */;
			projectDirPath = "";
			projectRoot = "";
			targets = (
				749910D91ED8CF7B00581369 /* practice4-constraint */,
			);
		};
/* End PBXProject section */

/* Begin PBXResourcesBuildPhase section */
		749910D81ED8CF7B00581369 /* Resources */ = {
			isa = PBXResourcesBuildPhase;
			buildActionMask = 2147483647;
			files = (
				749910E81ED8CF7B00581369 /* LaunchScreen.storyboard in Resources */,
				749910E51ED8CF7B00581369 /* Assets.xcassets in Resources */,
				749910E31ED8CF7B00581369 /* Main.storyboard in Resources */,
			);
			runOnlyForDeploymentPostprocessing = 0;
		};
/* End PBXResourcesBuildPhase section */

/* Begin PBXSourcesBuildPhase section */
		749910D61ED8CF7B00581369 /* Sources */ = {
			isa = PBXSourcesBuildPhase;
			buildActionMask = 2147483647;
			files = (
				749910E01ED8CF7B00581369 /* ViewController.swift in Sources */,
				749910DE1ED8CF7B00581369 /* AppDelegate.swift in Sources */,
			);
			runOnlyForDeploymentPostprocessing = 0;
		};
/* End PBXSourcesBuildPhase section */

/* Begin PBXVariantGroup section */
		749910E11ED8CF7B00581369 /* Main.storyboard */ = {
			isa = PBXVariantGroup;
			children = (
				749910E21ED8CF7B00581369 /* Base */,
			);
			name = Main.storyboard;
			sourceTree = "<group>";
		};
		749910E61ED8CF7B00581369 /* LaunchScreen.storyboard */ = {
			isa = PBXVariantGroup;
			children = (
				749910E71ED8CF7B00581369 /* Base */,
			);
			name = LaunchScreen.storyboard;
			sourceTree = "<group>";
		};
/* End PBXVariantGroup section */

/* Begin XCBuildConfiguration section */
		749910EA1ED8CF7B00581369 /* Debug */ = {
			isa = XCBuildConfiguration;
			buildSettings = {
				ALWAYS_SEARCH_USER_PATHS = NO;
				CLANG_ANALYZER_NONNULL = YES;
				CLANG_ANALYZER_NUMBER_OBJECT_CONVERSION = YES_AGGRESSIVE;
				CLANG_CXX_LANGUAGE_STANDARD = "gnu++0x";
				CLANG_CXX_LIBRARY = "libc++";
				CLANG_ENABLE_MODULES = YES;
				CLANG_ENABLE_OBJC_ARC = YES;
				CLANG_WARN_BOOL_CONVERSION = YES;
				CLANG_WARN_CONSTANT_CONVERSION = YES;
				CLANG_WARN_DIRECT_OBJC_ISA_USAGE = YES_ERROR;
				CLANG_WARN_DOCUMENTATION_COMMENTS = YES;
				CLANG_WARN_EMPTY_BODY = YES;
				CLANG_WARN_ENUM_CONVERSION = YES;
				CLANG_WARN_INFINITE_RECURSION = YES;
				CLANG_WARN_INT_CONVERSION = YES;
				CLANG_WARN_OBJC_ROOT_CLASS = YES_ERROR;
				CLANG_WARN_SUSPICIOUS_MOVE = YES;
				CLANG_WARN_UNREACHABLE_CODE = YES;
				CLANG_WARN__DUPLICATE_METHOD_MATCH = YES;
				"CODE_SIGN_IDENTITY[sdk=iphoneos*]" = "iPhone Developer";
				COPY_PHASE_STRIP = NO;
				DEBUG_INFORMATION_FORMAT = dwarf;
				ENABLE_STRICT_OBJC_MSGSEND = YES;
				ENABLE_TESTABILITY = YES;
				GCC_C_LANGUAGE_STANDARD = gnu99;
				GCC_DYNAMIC_NO_PIC = NO;
				GCC_NO_COMMON_BLOCKS = YES;
				GCC_OPTIMIZATION_LEVEL = 0;
				GCC_PREPROCESSOR_DEFINITIONS = (
					"DEBUG=1",
					"$(inherited)",
				);
				GCC_WARN_64_TO_32_BIT_CONVERSION = YES;
				GCC_WARN_ABOUT_RETURN_TYPE = YES_ERROR;
				GCC_WARN_UNDECLARED_SELECTOR = YES;
				GCC_WARN_UNINITIALIZED_AUTOS = YES_AGGRESSIVE;
				GCC_WARN_UNUSED_FUNCTION = YES;
				GCC_WARN_UNUSED_VARIABLE = YES;
				IPHONEOS_DEPLOYMENT_TARGET = 10.3;
				MTL_ENABLE_DEBUG_INFO = YES;
				ONLY_ACTIVE_ARCH = YES;
				SDKROOT = iphoneos;
				SWIFT_ACTIVE_COMPILATION_CONDITIONS = DEBUG;
				SWIFT_OPTIMIZATION_LEVEL = "-Onone";
				TARGETED_DEVICE_FAMILY = "1,2";
			};
			name = Debug;
		};
		749910EB1ED8CF7B00581369 /* Release */ = {
			isa = XCBuildConfiguration;
			buildSettings = {
				ALWAYS_SEARCH_USER_PATHS = NO;
				CLANG_ANALYZER_NONNULL = YES;
				CLANG_ANALYZER_NUMBER_OBJECT_CONVERSION = YES_AGGRESSIVE;
				CLANG_CXX_LANGUAGE_STANDARD = "gnu++0x";
				CLANG_CXX_LIBRARY = "libc++";
				CLANG_ENABLE_MODULES = YES;
				CLANG_ENABLE_OBJC_ARC = YES;
				CLANG_WARN_BOOL_CONVERSION = YES;
				CLANG_WARN_CONSTANT_CONVERSION = YES;
				CLANG_WARN_DIRECT_OBJC_ISA_USAGE = YES_ERROR;
				CLANG_WARN_DOCUMENTATION_COMMENTS = YES;
				CLANG_WARN_EMPTY_BODY = YES;
				CLANG_WARN_ENUM_CONVERSION = YES;
				CLANG_WARN_INFINITE_RECURSION = YES;
				CLANG_WARN_INT_CONVERSION = YES;
				CLANG_WARN_OBJC_ROOT_CLASS = YES_ERROR;
				CLANG_WARN_SUSPICIOUS_MOVE = YES;
				CLANG_WARN_UNREACHABLE_CODE = YES;
				CLANG_WARN__DUPLICATE_METHOD_MATCH = YES;
				"CODE_SIGN_IDENTITY[sdk=iphoneos*]" = "iPhone Developer";
				COPY_PHASE_STRIP = NO;
				DEBUG_INFORMATION_FORMAT = "dwarf-with-dsym";
				ENABLE_NS_ASSERTIONS = NO;
				ENABLE_STRICT_OBJC_MSGSEND = YES;
				GCC_C_LANGUAGE_STANDARD = gnu99;
				GCC_NO_COMMON_BLOCKS = YES;
				GCC_WARN_64_TO_32_BIT_CONVERSION = YES;
				GCC_WARN_ABOUT_RETURN_TYPE = YES_ERROR;
				GCC_WARN_UNDECLARED_SELECTOR = YES;
				GCC_WARN_UNINITIALIZED_AUTOS = YES_AGGRESSIVE;
				GCC_WARN_UNUSED_FUNCTION = YES;
				GCC_WARN_UNUSED_VARIABLE = YES;
				IPHONEOS_DEPLOYMENT_TARGET = 10.3;
				MTL_ENABLE_DEBUG_INFO = NO;
				SDKROOT = iphoneos;
				SWIFT_OPTIMIZATION_LEVEL = "-Owholemodule";
				TARGETED_DEVICE_FAMILY = "1,2";
				VALIDATE_PRODUCT = YES;
			};
			name = Release;
		};
		749910ED1ED8CF7B00581369 /* Debug */ = {
			isa = XCBuildConfiguration;
			buildSettings = {
				ASSETCATALOG_COMPILER_APPICON_NAME = AppIcon;
				INFOPLIST_FILE = "practice4-constraint/Info.plist";
				LD_RUNPATH_SEARCH_PATHS = "$(inherited) @executable_path/Frameworks";
				PRODUCT_BUNDLE_IDENTIFIER = "com.ayakosayama.practice4-constraint";
				PRODUCT_NAME = "$(TARGET_NAME)";
				SWIFT_VERSION = 3.0;
			};
			name = Debug;
		};
		749910EE1ED8CF7B00581369 /* Release */ = {
			isa = XCBuildConfiguration;
			buildSettings = {
				ASSETCATALOG_COMPILER_APPICON_NAME = AppIcon;
				INFOPLIST_FILE = "practice4-constraint/Info.plist";
				LD_RUNPATH_SEARCH_PATHS = "$(inherited) @executable_path/Frameworks";
				PRODUCT_BUNDLE_IDENTIFIER = "com.ayakosayama.practice4-constraint";
				PRODUCT_NAME = "$(TARGET_NAME)";
				SWIFT_VERSION = 3.0;
			};
			name = Release;
		};
/* End XCBuildConfiguration section */

/* Begin XCConfigurationList section */
		749910D51ED8CF7B00581369 /* Build configuration list for PBXProject "practice4-constraint" */ = {
			isa = XCConfigurationList;
			buildConfigurations = (
				749910EA1ED8CF7B00581369 /* Debug */,
				749910EB1ED8CF7B00581369 /* Release */,
			);
			defaultConfigurationIsVisible = 0;
			defaultConfigurationName = Release;
		};
		749910EC1ED8CF7B00581369 /* Build configuration list for PBXNativeTarget "practice4-constraint" */ = {
			isa = XCConfigurationList;
			buildConfigurations = (
				749910ED1ED8CF7B00581369 /* Debug */,
				749910EE1ED8CF7B00581369 /* Release */,
			);
			defaultConfigurationIsVisible = 0;
		};
/* End XCConfigurationList section */
	};
	rootObject = 749910D21ED8CF7B00581369 /* Project object */;
}
