// !$*UTF8*$!
{
	archiveVersion = 1;
	classes = {
	};
	objectVersion = 46;
	objects = {

/* Begin PBXBuildFile section */
		745880D61EE4E02700ADDEFE /* AppDelegate.swift in Sources */ = {isa = PBXBuildFile; fileRef = 745880D51EE4E02700ADDEFE /* AppDelegate.swift */; };
		745880D81EE4E02700ADDEFE /* ViewController.swift in Sources */ = {isa = PBXBuildFile; fileRef = 745880D71EE4E02700ADDEFE /* ViewController.swift */; };
		745880DB1EE4E02700ADDEFE /* Main.storyboard in Resources */ = {isa = PBXBuildFile; fileRef = 745880D91EE4E02700ADDEFE /* Main.storyboard */; };
		745880DD1EE4E02700ADDEFE /* Assets.xcassets in Resources */ = {isa = PBXBuildFile; fileRef = 745880DC1EE4E02700ADDEFE /* Assets.xcassets */; };
		745880E01EE4E02700ADDEFE /* LaunchScreen.storyboard in Resources */ = {isa = PBXBuildFile; fileRef = 745880DE1EE4E02700ADDEFE /* LaunchScreen.storyboard */; };
/* End PBXBuildFile section */

/* Begin PBXFileReference section */
		745880D21EE4E02700ADDEFE /* DrawPractice.app */ = {isa = PBXFileReference; explicitFileType = wrapper.application; includeInIndex = 0; path = DrawPractice.app; sourceTree = BUILT_PRODUCTS_DIR; };
		745880D51EE4E02700ADDEFE /* AppDelegate.swift */ = {isa = PBXFileReference; lastKnownFileType = sourcecode.swift; path = AppDelegate.swift; sourceTree = "<group>"; };
		745880D71EE4E02700ADDEFE /* ViewController.swift */ = {isa = PBXFileReference; lastKnownFileType = sourcecode.swift; path = ViewController.swift; sourceTree = "<group>"; };
		745880DA1EE4E02700ADDEFE /* Base */ = {isa = PBXFileReference; lastKnownFileType = file.storyboard; name = Base; path = Base.lproj/Main.storyboard; sourceTree = "<group>"; };
		745880DC1EE4E02700ADDEFE /* Assets.xcassets */ = {isa = PBXFileReference; lastKnownFileType = folder.assetcatalog; path = Assets.xcassets; sourceTree = "<group>"; };
		745880DF1EE4E02700ADDEFE /* Base */ = {isa = PBXFileReference; lastKnownFileType = file.storyboard; name = Base; path = Base.lproj/LaunchScreen.storyboard; sourceTree = "<group>"; };
		745880E11EE4E02700ADDEFE /* Info.plist */ = {isa = PBXFileReference; lastKnownFileType = text.plist.xml; path = Info.plist; sourceTree = "<group>"; };
/* End PBXFileReference section */

/* Begin PBXFrameworksBuildPhase section */
		745880CF1EE4E02700ADDEFE /* Frameworks */ = {
			isa = PBXFrameworksBuildPhase;
			buildActionMask = 2147483647;
			files = (
			);
			runOnlyForDeploymentPostprocessing = 0;
		};
/* End PBXFrameworksBuildPhase section */

/* Begin PBXGroup section */
		745880C91EE4E02700ADDEFE = {
			isa = PBXGroup;
			children = (
				745880D41EE4E02700ADDEFE /* DrawPractice */,
				745880D31EE4E02700ADDEFE /* Products */,
			);
			sourceTree = "<group>";
		};
		745880D31EE4E02700ADDEFE /* Products */ = {
			isa = PBXGroup;
			children = (
				745880D21EE4E02700ADDEFE /* DrawPractice.app */,
			);
			name = Products;
			sourceTree = "<group>";
		};
		745880D41EE4E02700ADDEFE /* DrawPractice */ = {
			isa = PBXGroup;
			children = (
				745880D51EE4E02700ADDEFE /* AppDelegate.swift */,
				745880D71EE4E02700ADDEFE /* ViewController.swift */,
				745880D91EE4E02700ADDEFE /* Main.storyboard */,
				745880DC1EE4E02700ADDEFE /* Assets.xcassets */,
				745880DE1EE4E02700ADDEFE /* LaunchScreen.storyboard */,
				745880E11EE4E02700ADDEFE /* Info.plist */,
			);
			path = DrawPractice;
			sourceTree = "<group>";
		};
/* End PBXGroup section */

/* Begin PBXNativeTarget section */
		745880D11EE4E02700ADDEFE /* DrawPractice */ = {
			isa = PBXNativeTarget;
			buildConfigurationList = 745880E41EE4E02700ADDEFE /* Build configuration list for PBXNativeTarget "DrawPractice" */;
			buildPhases = (
				745880CE1EE4E02700ADDEFE /* Sources */,
				745880CF1EE4E02700ADDEFE /* Frameworks */,
				745880D01EE4E02700ADDEFE /* Resources */,
			);
			buildRules = (
			);
			dependencies = (
			);
			name = DrawPractice;
			productName = DrawPractice;
			productReference = 745880D21EE4E02700ADDEFE /* DrawPractice.app */;
			productType = "com.apple.product-type.application";
		};
/* End PBXNativeTarget section */

/* Begin PBXProject section */
		745880CA1EE4E02700ADDEFE /* Project object */ = {
			isa = PBXProject;
			attributes = {
				LastSwiftUpdateCheck = 0830;
				LastUpgradeCheck = 0830;
				ORGANIZATIONNAME = ayako_sayama;
				TargetAttributes = {
					745880D11EE4E02700ADDEFE = {
						CreatedOnToolsVersion = 8.3.2;
						ProvisioningStyle = Automatic;
					};
				};
			};
			buildConfigurationList = 745880CD1EE4E02700ADDEFE /* Build configuration list for PBXProject "DrawPractice" */;
			compatibilityVersion = "Xcode 3.2";
			developmentRegion = English;
			hasScannedForEncodings = 0;
			knownRegions = (
				en,
				Base,
			);
			mainGroup = 745880C91EE4E02700ADDEFE;
			productRefGroup = 745880D31EE4E02700ADDEFE /* Products */;
			projectDirPath = "";
			projectRoot = "";
			targets = (
				745880D11EE4E02700ADDEFE /* DrawPractice */,
			);
		};
/* End PBXProject section */

/* Begin PBXResourcesBuildPhase section */
		745880D01EE4E02700ADDEFE /* Resources */ = {
			isa = PBXResourcesBuildPhase;
			buildActionMask = 2147483647;
			files = (
				745880E01EE4E02700ADDEFE /* LaunchScreen.storyboard in Resources */,
				745880DD1EE4E02700ADDEFE /* Assets.xcassets in Resources */,
				745880DB1EE4E02700ADDEFE /* Main.storyboard in Resources */,
			);
			runOnlyForDeploymentPostprocessing = 0;
		};
/* End PBXResourcesBuildPhase section */

/* Begin PBXSourcesBuildPhase section */
		745880CE1EE4E02700ADDEFE /* Sources */ = {
			isa = PBXSourcesBuildPhase;
			buildActionMask = 2147483647;
			files = (
				745880D81EE4E02700ADDEFE /* ViewController.swift in Sources */,
				745880D61EE4E02700ADDEFE /* AppDelegate.swift in Sources */,
			);
			runOnlyForDeploymentPostprocessing = 0;
		};
/* End PBXSourcesBuildPhase section */

/* Begin PBXVariantGroup section */
		745880D91EE4E02700ADDEFE /* Main.storyboard */ = {
			isa = PBXVariantGroup;
			children = (
				745880DA1EE4E02700ADDEFE /* Base */,
			);
			name = Main.storyboard;
			sourceTree = "<group>";
		};
		745880DE1EE4E02700ADDEFE /* LaunchScreen.storyboard */ = {
			isa = PBXVariantGroup;
			children = (
				745880DF1EE4E02700ADDEFE /* Base */,
			);
			name = LaunchScreen.storyboard;
			sourceTree = "<group>";
		};
/* End PBXVariantGroup section */

/* Begin XCBuildConfiguration section */
		745880E21EE4E02700ADDEFE /* Debug */ = {
			isa = XCBuildConfiguration;
			buildSettings = {
				ALWAYS_SEARCH_USER_PATHS = NO;
				CLANG_ANALYZER_NONNULL = YES;
				CLANG_ANALYZER_NUMBER_OBJECT_CONVERSION = YES_AGGRESSIVE;
				CLANG_CXX_LANGUAGE_STANDARD = "gnu++0x";
				CLANG_CXX_LIBRARY = "libc++";
				CLANG_ENABLE_MODULES = YES;
				CLANG_ENABLE_OBJC_ARC = YES;
				CLANG_WARN_BOOL_CONVERSION = YES;
				CLANG_WARN_CONSTANT_CONVERSION = YES;
				CLANG_WARN_DIRECT_OBJC_ISA_USAGE = YES_ERROR;
				CLANG_WARN_DOCUMENTATION_COMMENTS = YES;
				CLANG_WARN_EMPTY_BODY = YES;
				CLANG_WARN_ENUM_CONVERSION = YES;
				CLANG_WARN_INFINITE_RECURSION = YES;
				CLANG_WARN_INT_CONVERSION = YES;
				CLANG_WARN_OBJC_ROOT_CLASS = YES_ERROR;
				CLANG_WARN_SUSPICIOUS_MOVE = YES;
				CLANG_WARN_UNREACHABLE_CODE = YES;
				CLANG_WARN__DUPLICATE_METHOD_MATCH = YES;
				"CODE_SIGN_IDENTITY[sdk=iphoneos*]" = "iPhone Developer";
				COPY_PHASE_STRIP = NO;
				DEBUG_INFORMATION_FORMAT = dwarf;
				ENABLE_STRICT_OBJC_MSGSEND = YES;
				ENABLE_TESTABILITY = YES;
				GCC_C_LANGUAGE_STANDARD = gnu99;
				GCC_DYNAMIC_NO_PIC = NO;
				GCC_NO_COMMON_BLOCKS = YES;
				GCC_OPTIMIZATION_LEVEL = 0;
				GCC_PREPROCESSOR_DEFINITIONS = (
					"DEBUG=1",
					"$(inherited)",
				);
				GCC_WARN_64_TO_32_BIT_CONVERSION = YES;
				GCC_WARN_ABOUT_RETURN_TYPE = YES_ERROR;
				GCC_WARN_UNDECLARED_SELECTOR = YES;
				GCC_WARN_UNINITIALIZED_AUTOS = YES_AGGRESSIVE;
				GCC_WARN_UNUSED_FUNCTION = YES;
				GCC_WARN_UNUSED_VARIABLE = YES;
				IPHONEOS_DEPLOYMENT_TARGET = 10.3;
				MTL_ENABLE_DEBUG_INFO = YES;
				ONLY_ACTIVE_ARCH = YES;
				SDKROOT = iphoneos;
				SWIFT_ACTIVE_COMPILATION_CONDITIONS = DEBUG;
				SWIFT_OPTIMIZATION_LEVEL = "-Onone";
				TARGETED_DEVICE_FAMILY = "1,2";
			};
			name = Debug;
		};
		745880E31EE4E02700ADDEFE /* Release */ = {
			isa = XCBuildConfiguration;
			buildSettings = {
				ALWAYS_SEARCH_USER_PATHS = NO;
				CLANG_ANALYZER_NONNULL = YES;
				CLANG_ANALYZER_NUMBER_OBJECT_CONVERSION = YES_AGGRESSIVE;
				CLANG_CXX_LANGUAGE_STANDARD = "gnu++0x";
				CLANG_CXX_LIBRARY = "libc++";
				CLANG_ENABLE_MODULES = YES;
				CLANG_ENABLE_OBJC_ARC = YES;
				CLANG_WARN_BOOL_CONVERSION = YES;
				CLANG_WARN_CONSTANT_CONVERSION = YES;
				CLANG_WARN_DIRECT_OBJC_ISA_USAGE = YES_ERROR;
				CLANG_WARN_DOCUMENTATION_COMMENTS = YES;
				CLANG_WARN_EMPTY_BODY = YES;
				CLANG_WARN_ENUM_CONVERSION = YES;
				CLANG_WARN_INFINITE_RECURSION = YES;
				CLANG_WARN_INT_CONVERSION = YES;
				CLANG_WARN_OBJC_ROOT_CLASS = YES_ERROR;
				CLANG_WARN_SUSPICIOUS_MOVE = YES;
				CLANG_WARN_UNREACHABLE_CODE = YES;
				CLANG_WARN__DUPLICATE_METHOD_MATCH = YES;
				"CODE_SIGN_IDENTITY[sdk=iphoneos*]" = "iPhone Developer";
				COPY_PHASE_STRIP = NO;
				DEBUG_INFORMATION_FORMAT = "dwarf-with-dsym";
				ENABLE_NS_ASSERTIONS = NO;
				ENABLE_STRICT_OBJC_MSGSEND = YES;
				GCC_C_LANGUAGE_STANDARD = gnu99;
				GCC_NO_COMMON_BLOCKS = YES;
				GCC_WARN_64_TO_32_BIT_CONVERSION = YES;
				GCC_WARN_ABOUT_RETURN_TYPE = YES_ERROR;
				GCC_WARN_UNDECLARED_SELECTOR = YES;
				GCC_WARN_UNINITIALIZED_AUTOS = YES_AGGRESSIVE;
				GCC_WARN_UNUSED_FUNCTION = YES;
				GCC_WARN_UNUSED_VARIABLE = YES;
				IPHONEOS_DEPLOYMENT_TARGET = 10.3;
				MTL_ENABLE_DEBUG_INFO = NO;
				SDKROOT = iphoneos;
				SWIFT_OPTIMIZATION_LEVEL = "-Owholemodule";
				TARGETED_DEVICE_FAMILY = "1,2";
				VALIDATE_PRODUCT = YES;
			};
			name = Release;
		};
		745880E51EE4E02700ADDEFE /* Debug */ = {
			isa = XCBuildConfiguration;
			buildSettings = {
				ASSETCATALOG_COMPILER_APPICON_NAME = AppIcon;
				INFOPLIST_FILE = DrawPractice/Info.plist;
				LD_RUNPATH_SEARCH_PATHS = "$(inherited) @executable_path/Frameworks";
				PRODUCT_BUNDLE_IDENTIFIER = com.ayakosayama.DrawPractice;
				PRODUCT_NAME = "$(TARGET_NAME)";
				SWIFT_VERSION = 3.0;
			};
			name = Debug;
		};
		745880E61EE4E02700ADDEFE /* Release */ = {
			isa = XCBuildConfiguration;
			buildSettings = {
				ASSETCATALOG_COMPILER_APPICON_NAME = AppIcon;
				INFOPLIST_FILE = DrawPractice/Info.plist;
				LD_RUNPATH_SEARCH_PATHS = "$(inherited) @executable_path/Frameworks";
				PRODUCT_BUNDLE_IDENTIFIER = com.ayakosayama.DrawPractice;
				PRODUCT_NAME = "$(TARGET_NAME)";
				SWIFT_VERSION = 3.0;
			};
			name = Release;
		};
/* End XCBuildConfiguration section */

/* Begin XCConfigurationList section */
		745880CD1EE4E02700ADDEFE /* Build configuration list for PBXProject "DrawPractice" */ = {
			isa = XCConfigurationList;
			buildConfigurations = (
				745880E21EE4E02700ADDEFE /* Debug */,
				745880E31EE4E02700ADDEFE /* Release */,
			);
			defaultConfigurationIsVisible = 0;
			defaultConfigurationName = Release;
		};
		745880E41EE4E02700ADDEFE /* Build configuration list for PBXNativeTarget "DrawPractice" */ = {
			isa = XCConfigurationList;
			buildConfigurations = (
				745880E51EE4E02700ADDEFE /* Debug */,
				745880E61EE4E02700ADDEFE /* Release */,
			);
			defaultConfigurationIsVisible = 0;
		};
/* End XCConfigurationList section */
	};
	rootObject = 745880CA1EE4E02700ADDEFE /* Project object */;
}
