// !$*UTF8*$!
{
	archiveVersion = 1;
	classes = {
	};
	objectVersion = 46;
	objects = {

/* Begin PBXBuildFile section */
		747306E81EF0778C00E48FE3 /* AppDelegate.swift in Sources */ = {isa = PBXBuildFile; fileRef = 747306E71EF0778C00E48FE3 /* AppDelegate.swift */; };
		747306EA1EF0778C00E48FE3 /* ViewController.swift in Sources */ = {isa = PBXBuildFile; fileRef = 747306E91EF0778C00E48FE3 /* ViewController.swift */; };
		747306ED1EF0778C00E48FE3 /* Main.storyboard in Resources */ = {isa = PBXBuildFile; fileRef = 747306EB1EF0778C00E48FE3 /* Main.storyboard */; };
		747306EF1EF0778C00E48FE3 /* Assets.xcassets in Resources */ = {isa = PBXBuildFile; fileRef = 747306EE1EF0778C00E48FE3 /* Assets.xcassets */; };
		747306F21EF0778C00E48FE3 /* LaunchScreen.storyboard in Resources */ = {isa = PBXBuildFile; fileRef = 747306F01EF0778C00E48FE3 /* LaunchScreen.storyboard */; };
		747306FC1EF09C4C00E48FE3 /* Datasource.swift in Sources */ = {isa = PBXBuildFile; fileRef = 747306FB1EF09C4C00E48FE3 /* Datasource.swift */; };
		747306FE1EF0A1C500E48FE3 /* Bird.swift in Sources */ = {isa = PBXBuildFile; fileRef = 747306FD1EF0A1C500E48FE3 /* Bird.swift */; };
		747307001EF0A36100E48FE3 /* BirdCell.swift in Sources */ = {isa = PBXBuildFile; fileRef = 747306FF1EF0A36100E48FE3 /* BirdCell.swift */; };
/* End PBXBuildFile section */

/* Begin PBXFileReference section */
		747306E41EF0778C00E48FE3 /* ImageGalleryPractice.app */ = {isa = PBXFileReference; explicitFileType = wrapper.application; includeInIndex = 0; path = ImageGalleryPractice.app; sourceTree = BUILT_PRODUCTS_DIR; };
		747306E71EF0778C00E48FE3 /* AppDelegate.swift */ = {isa = PBXFileReference; lastKnownFileType = sourcecode.swift; path = AppDelegate.swift; sourceTree = "<group>"; };
		747306E91EF0778C00E48FE3 /* ViewController.swift */ = {isa = PBXFileReference; lastKnownFileType = sourcecode.swift; path = ViewController.swift; sourceTree = "<group>"; };
		747306EC1EF0778C00E48FE3 /* Base */ = {isa = PBXFileReference; lastKnownFileType = file.storyboard; name = Base; path = Base.lproj/Main.storyboard; sourceTree = "<group>"; };
		747306EE1EF0778C00E48FE3 /* Assets.xcassets */ = {isa = PBXFileReference; lastKnownFileType = folder.assetcatalog; path = Assets.xcassets; sourceTree = "<group>"; };
		747306F11EF0778C00E48FE3 /* Base */ = {isa = PBXFileReference; lastKnownFileType = file.storyboard; name = Base; path = Base.lproj/LaunchScreen.storyboard; sourceTree = "<group>"; };
		747306F31EF0778C00E48FE3 /* Info.plist */ = {isa = PBXFileReference; lastKnownFileType = text.plist.xml; path = Info.plist; sourceTree = "<group>"; };
		747306FB1EF09C4C00E48FE3 /* Datasource.swift */ = {isa = PBXFileReference; fileEncoding = 4; lastKnownFileType = sourcecode.swift; path = Datasource.swift; sourceTree = "<group>"; };
		747306FD1EF0A1C500E48FE3 /* Bird.swift */ = {isa = PBXFileReference; fileEncoding = 4; lastKnownFileType = sourcecode.swift; path = Bird.swift; sourceTree = "<group>"; };
		747306FF1EF0A36100E48FE3 /* BirdCell.swift */ = {isa = PBXFileReference; fileEncoding = 4; lastKnownFileType = sourcecode.swift; path = BirdCell.swift; sourceTree = "<group>"; };
/* End PBXFileReference section */

/* Begin PBXFrameworksBuildPhase section */
		747306E11EF0778C00E48FE3 /* Frameworks */ = {
			isa = PBXFrameworksBuildPhase;
			buildActionMask = 2147483647;
			files = (
			);
			runOnlyForDeploymentPostprocessing = 0;
		};
/* End PBXFrameworksBuildPhase section */

/* Begin PBXGroup section */
		747306DB1EF0778C00E48FE3 = {
			isa = PBXGroup;
			children = (
				747306E61EF0778C00E48FE3 /* ImageGalleryPractice */,
				747306E51EF0778C00E48FE3 /* Products */,
			);
			sourceTree = "<group>";
		};
		747306E51EF0778C00E48FE3 /* Products */ = {
			isa = PBXGroup;
			children = (
				747306E41EF0778C00E48FE3 /* ImageGalleryPractice.app */,
			);
			name = Products;
			sourceTree = "<group>";
		};
		747306E61EF0778C00E48FE3 /* ImageGalleryPractice */ = {
			isa = PBXGroup;
			children = (
				747306E71EF0778C00E48FE3 /* AppDelegate.swift */,
				747306E91EF0778C00E48FE3 /* ViewController.swift */,
				747306EB1EF0778C00E48FE3 /* Main.storyboard */,
				747306FF1EF0A36100E48FE3 /* BirdCell.swift */,
				747306EE1EF0778C00E48FE3 /* Assets.xcassets */,
				747306F01EF0778C00E48FE3 /* LaunchScreen.storyboard */,
				747306F31EF0778C00E48FE3 /* Info.plist */,
				747306FB1EF09C4C00E48FE3 /* Datasource.swift */,
				747306FD1EF0A1C500E48FE3 /* Bird.swift */,
			);
			path = ImageGalleryPractice;
			sourceTree = "<group>";
		};
/* End PBXGroup section */

/* Begin PBXNativeTarget section */
		747306E31EF0778C00E48FE3 /* ImageGalleryPractice */ = {
			isa = PBXNativeTarget;
			buildConfigurationList = 747306F61EF0778C00E48FE3 /* Build configuration list for PBXNativeTarget "ImageGalleryPractice" */;
			buildPhases = (
				747306E01EF0778C00E48FE3 /* Sources */,
				747306E11EF0778C00E48FE3 /* Frameworks */,
				747306E21EF0778C00E48FE3 /* Resources */,
			);
			buildRules = (
			);
			dependencies = (
			);
			name = ImageGalleryPractice;
			productName = ImageGalleryPractice;
			productReference = 747306E41EF0778C00E48FE3 /* ImageGalleryPractice.app */;
			productType = "com.apple.product-type.application";
		};
/* End PBXNativeTarget section */

/* Begin PBXProject section */
		747306DC1EF0778C00E48FE3 /* Project object */ = {
			isa = PBXProject;
			attributes = {
				LastSwiftUpdateCheck = 0830;
				LastUpgradeCheck = 0830;
				ORGANIZATIONNAME = ayako_sayama;
				TargetAttributes = {
					747306E31EF0778C00E48FE3 = {
						CreatedOnToolsVersion = 8.3.2;
						ProvisioningStyle = Automatic;
					};
				};
			};
			buildConfigurationList = 747306DF1EF0778C00E48FE3 /* Build configuration list for PBXProject "ImageGalleryPractice" */;
			compatibilityVersion = "Xcode 3.2";
			developmentRegion = English;
			hasScannedForEncodings = 0;
			knownRegions = (
				en,
				Base,
			);
			mainGroup = 747306DB1EF0778C00E48FE3;
			productRefGroup = 747306E51EF0778C00E48FE3 /* Products */;
			projectDirPath = "";
			projectRoot = "";
			targets = (
				747306E31EF0778C00E48FE3 /* ImageGalleryPractice */,
			);
		};
/* End PBXProject section */

/* Begin PBXResourcesBuildPhase section */
		747306E21EF0778C00E48FE3 /* Resources */ = {
			isa = PBXResourcesBuildPhase;
			buildActionMask = 2147483647;
			files = (
				747306F21EF0778C00E48FE3 /* LaunchScreen.storyboard in Resources */,
				747306EF1EF0778C00E48FE3 /* Assets.xcassets in Resources */,
				747306ED1EF0778C00E48FE3 /* Main.storyboard in Resources */,
			);
			runOnlyForDeploymentPostprocessing = 0;
		};
/* End PBXResourcesBuildPhase section */

/* Begin PBXSourcesBuildPhase section */
		747306E01EF0778C00E48FE3 /* Sources */ = {
			isa = PBXSourcesBuildPhase;
			buildActionMask = 2147483647;
			files = (
				747306EA1EF0778C00E48FE3 /* ViewController.swift in Sources */,
				747306FE1EF0A1C500E48FE3 /* Bird.swift in Sources */,
				747307001EF0A36100E48FE3 /* BirdCell.swift in Sources */,
				747306E81EF0778C00E48FE3 /* AppDelegate.swift in Sources */,
				747306FC1EF09C4C00E48FE3 /* Datasource.swift in Sources */,
			);
			runOnlyForDeploymentPostprocessing = 0;
		};
/* End PBXSourcesBuildPhase section */

/* Begin PBXVariantGroup section */
		747306EB1EF0778C00E48FE3 /* Main.storyboard */ = {
			isa = PBXVariantGroup;
			children = (
				747306EC1EF0778C00E48FE3 /* Base */,
			);
			name = Main.storyboard;
			sourceTree = "<group>";
		};
		747306F01EF0778C00E48FE3 /* LaunchScreen.storyboard */ = {
			isa = PBXVariantGroup;
			children = (
				747306F11EF0778C00E48FE3 /* Base */,
			);
			name = LaunchScreen.storyboard;
			sourceTree = "<group>";
		};
/* End PBXVariantGroup section */

/* Begin XCBuildConfiguration section */
		747306F41EF0778C00E48FE3 /* Debug */ = {
			isa = XCBuildConfiguration;
			buildSettings = {
				ALWAYS_SEARCH_USER_PATHS = NO;
				CLANG_ANALYZER_NONNULL = YES;
				CLANG_ANALYZER_NUMBER_OBJECT_CONVERSION = YES_AGGRESSIVE;
				CLANG_CXX_LANGUAGE_STANDARD = "gnu++0x";
				CLANG_CXX_LIBRARY = "libc++";
				CLANG_ENABLE_MODULES = YES;
				CLANG_ENABLE_OBJC_ARC = YES;
				CLANG_WARN_BOOL_CONVERSION = YES;
				CLANG_WARN_CONSTANT_CONVERSION = YES;
				CLANG_WARN_DIRECT_OBJC_ISA_USAGE = YES_ERROR;
				CLANG_WARN_DOCUMENTATION_COMMENTS = YES;
				CLANG_WARN_EMPTY_BODY = YES;
				CLANG_WARN_ENUM_CONVERSION = YES;
				CLANG_WARN_INFINITE_RECURSION = YES;
				CLANG_WARN_INT_CONVERSION = YES;
				CLANG_WARN_OBJC_ROOT_CLASS = YES_ERROR;
				CLANG_WARN_SUSPICIOUS_MOVE = YES;
				CLANG_WARN_UNREACHABLE_CODE = YES;
				CLANG_WARN__DUPLICATE_METHOD_MATCH = YES;
				"CODE_SIGN_IDENTITY[sdk=iphoneos*]" = "iPhone Developer";
				COPY_PHASE_STRIP = NO;
				DEBUG_INFORMATION_FORMAT = dwarf;
				ENABLE_STRICT_OBJC_MSGSEND = YES;
				ENABLE_TESTABILITY = YES;
				GCC_C_LANGUAGE_STANDARD = gnu99;
				GCC_DYNAMIC_NO_PIC = NO;
				GCC_NO_COMMON_BLOCKS = YES;
				GCC_OPTIMIZATION_LEVEL = 0;
				GCC_PREPROCESSOR_DEFINITIONS = (
					"DEBUG=1",
					"$(inherited)",
				);
				GCC_WARN_64_TO_32_BIT_CONVERSION = YES;
				GCC_WARN_ABOUT_RETURN_TYPE = YES_ERROR;
				GCC_WARN_UNDECLARED_SELECTOR = YES;
				GCC_WARN_UNINITIALIZED_AUTOS = YES_AGGRESSIVE;
				GCC_WARN_UNUSED_FUNCTION = YES;
				GCC_WARN_UNUSED_VARIABLE = YES;
				IPHONEOS_DEPLOYMENT_TARGET = 10.3;
				MTL_ENABLE_DEBUG_INFO = YES;
				ONLY_ACTIVE_ARCH = YES;
				SDKROOT = iphoneos;
				SWIFT_ACTIVE_COMPILATION_CONDITIONS = DEBUG;
				SWIFT_OPTIMIZATION_LEVEL = "-Onone";
				TARGETED_DEVICE_FAMILY = "1,2";
			};
			name = Debug;
		};
		747306F51EF0778C00E48FE3 /* Release */ = {
			isa = XCBuildConfiguration;
			buildSettings = {
				ALWAYS_SEARCH_USER_PATHS = NO;
				CLANG_ANALYZER_NONNULL = YES;
				CLANG_ANALYZER_NUMBER_OBJECT_CONVERSION = YES_AGGRESSIVE;
				CLANG_CXX_LANGUAGE_STANDARD = "gnu++0x";
				CLANG_CXX_LIBRARY = "libc++";
				CLANG_ENABLE_MODULES = YES;
				CLANG_ENABLE_OBJC_ARC = YES;
				CLANG_WARN_BOOL_CONVERSION = YES;
				CLANG_WARN_CONSTANT_CONVERSION = YES;
				CLANG_WARN_DIRECT_OBJC_ISA_USAGE = YES_ERROR;
				CLANG_WARN_DOCUMENTATION_COMMENTS = YES;
				CLANG_WARN_EMPTY_BODY = YES;
				CLANG_WARN_ENUM_CONVERSION = YES;
				CLANG_WARN_INFINITE_RECURSION = YES;
				CLANG_WARN_INT_CONVERSION = YES;
				CLANG_WARN_OBJC_ROOT_CLASS = YES_ERROR;
				CLANG_WARN_SUSPICIOUS_MOVE = YES;
				CLANG_WARN_UNREACHABLE_CODE = YES;
				CLANG_WARN__DUPLICATE_METHOD_MATCH = YES;
				"CODE_SIGN_IDENTITY[sdk=iphoneos*]" = "iPhone Developer";
				COPY_PHASE_STRIP = NO;
				DEBUG_INFORMATION_FORMAT = "dwarf-with-dsym";
				ENABLE_NS_ASSERTIONS = NO;
				ENABLE_STRICT_OBJC_MSGSEND = YES;
				GCC_C_LANGUAGE_STANDARD = gnu99;
				GCC_NO_COMMON_BLOCKS = YES;
				GCC_WARN_64_TO_32_BIT_CONVERSION = YES;
				GCC_WARN_ABOUT_RETURN_TYPE = YES_ERROR;
				GCC_WARN_UNDECLARED_SELECTOR = YES;
				GCC_WARN_UNINITIALIZED_AUTOS = YES_AGGRESSIVE;
				GCC_WARN_UNUSED_FUNCTION = YES;
				GCC_WARN_UNUSED_VARIABLE = YES;
				IPHONEOS_DEPLOYMENT_TARGET = 10.3;
				MTL_ENABLE_DEBUG_INFO = NO;
				SDKROOT = iphoneos;
				SWIFT_OPTIMIZATION_LEVEL = "-Owholemodule";
				TARGETED_DEVICE_FAMILY = "1,2";
				VALIDATE_PRODUCT = YES;
			};
			name = Release;
		};
		747306F71EF0778C00E48FE3 /* Debug */ = {
			isa = XCBuildConfiguration;
			buildSettings = {
				ASSETCATALOG_COMPILER_APPICON_NAME = AppIcon;
				INFOPLIST_FILE = ImageGalleryPractice/Info.plist;
				LD_RUNPATH_SEARCH_PATHS = "$(inherited) @executable_path/Frameworks";
				PRODUCT_BUNDLE_IDENTIFIER = com.ayakosayama.ImageGalleryPractice;
				PRODUCT_NAME = "$(TARGET_NAME)";
				SWIFT_VERSION = 3.0;
			};
			name = Debug;
		};
		747306F81EF0778C00E48FE3 /* Release */ = {
			isa = XCBuildConfiguration;
			buildSettings = {
				ASSETCATALOG_COMPILER_APPICON_NAME = AppIcon;
				INFOPLIST_FILE = ImageGalleryPractice/Info.plist;
				LD_RUNPATH_SEARCH_PATHS = "$(inherited) @executable_path/Frameworks";
				PRODUCT_BUNDLE_IDENTIFIER = com.ayakosayama.ImageGalleryPractice;
				PRODUCT_NAME = "$(TARGET_NAME)";
				SWIFT_VERSION = 3.0;
			};
			name = Release;
		};
/* End XCBuildConfiguration section */

/* Begin XCConfigurationList section */
		747306DF1EF0778C00E48FE3 /* Build configuration list for PBXProject "ImageGalleryPractice" */ = {
			isa = XCConfigurationList;
			buildConfigurations = (
				747306F41EF0778C00E48FE3 /* Debug */,
				747306F51EF0778C00E48FE3 /* Release */,
			);
			defaultConfigurationIsVisible = 0;
			defaultConfigurationName = Release;
		};
		747306F61EF0778C00E48FE3 /* Build configuration list for PBXNativeTarget "ImageGalleryPractice" */ = {
			isa = XCConfigurationList;
			buildConfigurations = (
				747306F71EF0778C00E48FE3 /* Debug */,
				747306F81EF0778C00E48FE3 /* Release */,
			);
			defaultConfigurationIsVisible = 0;
			defaultConfigurationName = Release;
		};
/* End XCConfigurationList section */
	};
	rootObject = 747306DC1EF0778C00E48FE3 /* Project object */;
}
