// !$*UTF8*$!
{
	archiveVersion = 1;
	classes = {
	};
	objectVersion = 46;
	objects = {

/* Begin PBXBuildFile section */
		744BC0DC1ED51C2500070616 /* AppDelegate.swift in Sources */ = {isa = PBXBuildFile; fileRef = 744BC0DB1ED51C2500070616 /* AppDelegate.swift */; };
		744BC0DE1ED51C2500070616 /* ViewController.swift in Sources */ = {isa = PBXBuildFile; fileRef = 744BC0DD1ED51C2500070616 /* ViewController.swift */; };
		744BC0E11ED51C2500070616 /* Main.storyboard in Resources */ = {isa = PBXBuildFile; fileRef = 744BC0DF1ED51C2500070616 /* Main.storyboard */; };
		744BC0E31ED51C2500070616 /* Assets.xcassets in Resources */ = {isa = PBXBuildFile; fileRef = 744BC0E21ED51C2500070616 /* Assets.xcassets */; };
		744BC0E61ED51C2500070616 /* LaunchScreen.storyboard in Resources */ = {isa = PBXBuildFile; fileRef = 744BC0E41ED51C2500070616 /* LaunchScreen.storyboard */; };
/* End PBXBuildFile section */

/* Begin PBXFileReference section */
		744BC0D81ED51C2500070616 /* swift1_basic.app */ = {isa = PBXFileReference; explicitFileType = wrapper.application; includeInIndex = 0; path = swift1_basic.app; sourceTree = BUILT_PRODUCTS_DIR; };
		744BC0DB1ED51C2500070616 /* AppDelegate.swift */ = {isa = PBXFileReference; lastKnownFileType = sourcecode.swift; path = AppDelegate.swift; sourceTree = "<group>"; };
		744BC0DD1ED51C2500070616 /* ViewController.swift */ = {isa = PBXFileReference; lastKnownFileType = sourcecode.swift; path = ViewController.swift; sourceTree = "<group>"; };
		744BC0E01ED51C2500070616 /* Base */ = {isa = PBXFileReference; lastKnownFileType = file.storyboard; name = Base; path = Base.lproj/Main.storyboard; sourceTree = "<group>"; };
		744BC0E21ED51C2500070616 /* Assets.xcassets */ = {isa = PBXFileReference; lastKnownFileType = folder.assetcatalog; path = Assets.xcassets; sourceTree = "<group>"; };
		744BC0E51ED51C2500070616 /* Base */ = {isa = PBXFileReference; lastKnownFileType = file.storyboard; name = Base; path = Base.lproj/LaunchScreen.storyboard; sourceTree = "<group>"; };
		744BC0E71ED51C2500070616 /* Info.plist */ = {isa = PBXFileReference; lastKnownFileType = text.plist.xml; path = Info.plist; sourceTree = "<group>"; };
/* End PBXFileReference section */

/* Begin PBXFrameworksBuildPhase section */
		744BC0D51ED51C2500070616 /* Frameworks */ = {
			isa = PBXFrameworksBuildPhase;
			buildActionMask = 2147483647;
			files = (
			);
			runOnlyForDeploymentPostprocessing = 0;
		};
/* End PBXFrameworksBuildPhase section */

/* Begin PBXGroup section */
		744BC0CF1ED51C2500070616 = {
			isa = PBXGroup;
			children = (
				744BC0DA1ED51C2500070616 /* swift1_basic */,
				744BC0D91ED51C2500070616 /* Products */,
			);
			sourceTree = "<group>";
		};
		744BC0D91ED51C2500070616 /* Products */ = {
			isa = PBXGroup;
			children = (
				744BC0D81ED51C2500070616 /* swift1_basic.app */,
			);
			name = Products;
			sourceTree = "<group>";
		};
		744BC0DA1ED51C2500070616 /* swift1_basic */ = {
			isa = PBXGroup;
			children = (
				744BC0DB1ED51C2500070616 /* AppDelegate.swift */,
				744BC0DD1ED51C2500070616 /* ViewController.swift */,
				744BC0DF1ED51C2500070616 /* Main.storyboard */,
				744BC0E21ED51C2500070616 /* Assets.xcassets */,
				744BC0E41ED51C2500070616 /* LaunchScreen.storyboard */,
				744BC0E71ED51C2500070616 /* Info.plist */,
			);
			path = swift1_basic;
			sourceTree = "<group>";
		};
/* End PBXGroup section */

/* Begin PBXNativeTarget section */
		744BC0D71ED51C2500070616 /* swift1_basic */ = {
			isa = PBXNativeTarget;
			buildConfigurationList = 744BC0EA1ED51C2500070616 /* Build configuration list for PBXNativeTarget "swift1_basic" */;
			buildPhases = (
				744BC0D41ED51C2500070616 /* Sources */,
				744BC0D51ED51C2500070616 /* Frameworks */,
				744BC0D61ED51C2500070616 /* Resources */,
			);
			buildRules = (
			);
			dependencies = (
			);
			name = swift1_basic;
			productName = swift1_basic;
			productReference = 744BC0D81ED51C2500070616 /* swift1_basic.app */;
			productType = "com.apple.product-type.application";
		};
/* End PBXNativeTarget section */

/* Begin PBXProject section */
		744BC0D01ED51C2500070616 /* Project object */ = {
			isa = PBXProject;
			attributes = {
				LastSwiftUpdateCheck = 0830;
				LastUpgradeCheck = 0830;
				ORGANIZATIONNAME = ayako_sayama;
				TargetAttributes = {
					744BC0D71ED51C2500070616 = {
						CreatedOnToolsVersion = 8.3.2;
						ProvisioningStyle = Automatic;
					};
				};
			};
			buildConfigurationList = 744BC0D31ED51C2500070616 /* Build configuration list for PBXProject "swift1_basic" */;
			compatibilityVersion = "Xcode 3.2";
			developmentRegion = English;
			hasScannedForEncodings = 0;
			knownRegions = (
				en,
				Base,
			);
			mainGroup = 744BC0CF1ED51C2500070616;
			productRefGroup = 744BC0D91ED51C2500070616 /* Products */;
			projectDirPath = "";
			projectRoot = "";
			targets = (
				744BC0D71ED51C2500070616 /* swift1_basic */,
			);
		};
/* End PBXProject section */

/* Begin PBXResourcesBuildPhase section */
		744BC0D61ED51C2500070616 /* Resources */ = {
			isa = PBXResourcesBuildPhase;
			buildActionMask = 2147483647;
			files = (
				744BC0E61ED51C2500070616 /* LaunchScreen.storyboard in Resources */,
				744BC0E31ED51C2500070616 /* Assets.xcassets in Resources */,
				744BC0E11ED51C2500070616 /* Main.storyboard in Resources */,
			);
			runOnlyForDeploymentPostprocessing = 0;
		};
/* End PBXResourcesBuildPhase section */

/* Begin PBXSourcesBuildPhase section */
		744BC0D41ED51C2500070616 /* Sources */ = {
			isa = PBXSourcesBuildPhase;
			buildActionMask = 2147483647;
			files = (
				744BC0DE1ED51C2500070616 /* ViewController.swift in Sources */,
				744BC0DC1ED51C2500070616 /* AppDelegate.swift in Sources */,
			);
			runOnlyForDeploymentPostprocessing = 0;
		};
/* End PBXSourcesBuildPhase section */

/* Begin PBXVariantGroup section */
		744BC0DF1ED51C2500070616 /* Main.storyboard */ = {
			isa = PBXVariantGroup;
			children = (
				744BC0E01ED51C2500070616 /* Base */,
			);
			name = Main.storyboard;
			sourceTree = "<group>";
		};
		744BC0E41ED51C2500070616 /* LaunchScreen.storyboard */ = {
			isa = PBXVariantGroup;
			children = (
				744BC0E51ED51C2500070616 /* Base */,
			);
			name = LaunchScreen.storyboard;
			sourceTree = "<group>";
		};
/* End PBXVariantGroup section */

/* Begin XCBuildConfiguration section */
		744BC0E81ED51C2500070616 /* Debug */ = {
			isa = XCBuildConfiguration;
			buildSettings = {
				ALWAYS_SEARCH_USER_PATHS = NO;
				CLANG_ANALYZER_NONNULL = YES;
				CLANG_ANALYZER_NUMBER_OBJECT_CONVERSION = YES_AGGRESSIVE;
				CLANG_CXX_LANGUAGE_STANDARD = "gnu++0x";
				CLANG_CXX_LIBRARY = "libc++";
				CLANG_ENABLE_MODULES = YES;
				CLANG_ENABLE_OBJC_ARC = YES;
				CLANG_WARN_BOOL_CONVERSION = YES;
				CLANG_WARN_CONSTANT_CONVERSION = YES;
				CLANG_WARN_DIRECT_OBJC_ISA_USAGE = YES_ERROR;
				CLANG_WARN_DOCUMENTATION_COMMENTS = YES;
				CLANG_WARN_EMPTY_BODY = YES;
				CLANG_WARN_ENUM_CONVERSION = YES;
				CLANG_WARN_INFINITE_RECURSION = YES;
				CLANG_WARN_INT_CONVERSION = YES;
				CLANG_WARN_OBJC_ROOT_CLASS = YES_ERROR;
				CLANG_WARN_SUSPICIOUS_MOVE = YES;
				CLANG_WARN_UNREACHABLE_CODE = YES;
				CLANG_WARN__DUPLICATE_METHOD_MATCH = YES;
				"CODE_SIGN_IDENTITY[sdk=iphoneos*]" = "iPhone Developer";
				COPY_PHASE_STRIP = NO;
				DEBUG_INFORMATION_FORMAT = dwarf;
				ENABLE_STRICT_OBJC_MSGSEND = YES;
				ENABLE_TESTABILITY = YES;
				GCC_C_LANGUAGE_STANDARD = gnu99;
				GCC_DYNAMIC_NO_PIC = NO;
				GCC_NO_COMMON_BLOCKS = YES;
				GCC_OPTIMIZATION_LEVEL = 0;
				GCC_PREPROCESSOR_DEFINITIONS = (
					"DEBUG=1",
					"$(inherited)",
				);
				GCC_WARN_64_TO_32_BIT_CONVERSION = YES;
				GCC_WARN_ABOUT_RETURN_TYPE = YES_ERROR;
				GCC_WARN_UNDECLARED_SELECTOR = YES;
				GCC_WARN_UNINITIALIZED_AUTOS = YES_AGGRESSIVE;
				GCC_WARN_UNUSED_FUNCTION = YES;
				GCC_WARN_UNUSED_VARIABLE = YES;
				IPHONEOS_DEPLOYMENT_TARGET = 10.3;
				MTL_ENABLE_DEBUG_INFO = YES;
				ONLY_ACTIVE_ARCH = YES;
				SDKROOT = iphoneos;
				SWIFT_ACTIVE_COMPILATION_CONDITIONS = DEBUG;
				SWIFT_OPTIMIZATION_LEVEL = "-Onone";
				TARGETED_DEVICE_FAMILY = "1,2";
			};
			name = Debug;
		};
		744BC0E91ED51C2500070616 /* Release */ = {
			isa = XCBuildConfiguration;
			buildSettings = {
				ALWAYS_SEARCH_USER_PATHS = NO;
				CLANG_ANALYZER_NONNULL = YES;
				CLANG_ANALYZER_NUMBER_OBJECT_CONVERSION = YES_AGGRESSIVE;
				CLANG_CXX_LANGUAGE_STANDARD = "gnu++0x";
				CLANG_CXX_LIBRARY = "libc++";
				CLANG_ENABLE_MODULES = YES;
				CLANG_ENABLE_OBJC_ARC = YES;
				CLANG_WARN_BOOL_CONVERSION = YES;
				CLANG_WARN_CONSTANT_CONVERSION = YES;
				CLANG_WARN_DIRECT_OBJC_ISA_USAGE = YES_ERROR;
				CLANG_WARN_DOCUMENTATION_COMMENTS = YES;
				CLANG_WARN_EMPTY_BODY = YES;
				CLANG_WARN_ENUM_CONVERSION = YES;
				CLANG_WARN_INFINITE_RECURSION = YES;
				CLANG_WARN_INT_CONVERSION = YES;
				CLANG_WARN_OBJC_ROOT_CLASS = YES_ERROR;
				CLANG_WARN_SUSPICIOUS_MOVE = YES;
				CLANG_WARN_UNREACHABLE_CODE = YES;
				CLANG_WARN__DUPLICATE_METHOD_MATCH = YES;
				"CODE_SIGN_IDENTITY[sdk=iphoneos*]" = "iPhone Developer";
				COPY_PHASE_STRIP = NO;
				DEBUG_INFORMATION_FORMAT = "dwarf-with-dsym";
				ENABLE_NS_ASSERTIONS = NO;
				ENABLE_STRICT_OBJC_MSGSEND = YES;
				GCC_C_LANGUAGE_STANDARD = gnu99;
				GCC_NO_COMMON_BLOCKS = YES;
				GCC_WARN_64_TO_32_BIT_CONVERSION = YES;
				GCC_WARN_ABOUT_RETURN_TYPE = YES_ERROR;
				GCC_WARN_UNDECLARED_SELECTOR = YES;
				GCC_WARN_UNINITIALIZED_AUTOS = YES_AGGRESSIVE;
				GCC_WARN_UNUSED_FUNCTION = YES;
				GCC_WARN_UNUSED_VARIABLE = YES;
				IPHONEOS_DEPLOYMENT_TARGET = 10.3;
				MTL_ENABLE_DEBUG_INFO = NO;
				SDKROOT = iphoneos;
				SWIFT_OPTIMIZATION_LEVEL = "-Owholemodule";
				TARGETED_DEVICE_FAMILY = "1,2";
				VALIDATE_PRODUCT = YES;
			};
			name = Release;
		};
		744BC0EB1ED51C2500070616 /* Debug */ = {
			isa = XCBuildConfiguration;
			buildSettings = {
				ASSETCATALOG_COMPILER_APPICON_NAME = AppIcon;
				INFOPLIST_FILE = swift1_basic/Info.plist;
				LD_RUNPATH_SEARCH_PATHS = "$(inherited) @executable_path/Frameworks";
				PRODUCT_BUNDLE_IDENTIFIER = "com.ayakosayama.swift1-basic";
				PRODUCT_NAME = "$(TARGET_NAME)";
				SWIFT_VERSION = 3.0;
			};
			name = Debug;
		};
		744BC0EC1ED51C2500070616 /* Release */ = {
			isa = XCBuildConfiguration;
			buildSettings = {
				ASSETCATALOG_COMPILER_APPICON_NAME = AppIcon;
				INFOPLIST_FILE = swift1_basic/Info.plist;
				LD_RUNPATH_SEARCH_PATHS = "$(inherited) @executable_path/Frameworks";
				PRODUCT_BUNDLE_IDENTIFIER = "com.ayakosayama.swift1-basic";
				PRODUCT_NAME = "$(TARGET_NAME)";
				SWIFT_VERSION = 3.0;
			};
			name = Release;
		};
/* End XCBuildConfiguration section */

/* Begin XCConfigurationList section */
		744BC0D31ED51C2500070616 /* Build configuration list for PBXProject "swift1_basic" */ = {
			isa = XCConfigurationList;
			buildConfigurations = (
				744BC0E81ED51C2500070616 /* Debug */,
				744BC0E91ED51C2500070616 /* Release */,
			);
			defaultConfigurationIsVisible = 0;
			defaultConfigurationName = Release;
		};
		744BC0EA1ED51C2500070616 /* Build configuration list for PBXNativeTarget "swift1_basic" */ = {
			isa = XCConfigurationList;
			buildConfigurations = (
				744BC0EB1ED51C2500070616 /* Debug */,
				744BC0EC1ED51C2500070616 /* Release */,
			);
			defaultConfigurationIsVisible = 0;
		};
/* End XCConfigurationList section */
	};
	rootObject = 744BC0D01ED51C2500070616 /* Project object */;
}
