// !$*UTF8*$!
{
	archiveVersion = 1;
	classes = {
	};
	objectVersion = 46;
	objects = {

/* Begin PBXBuildFile section */
		746A35561ED6276E00654E84 /* AppDelegate.swift in Sources */ = {isa = PBXBuildFile; fileRef = 746A35551ED6276E00654E84 /* AppDelegate.swift */; };
		746A35581ED6276E00654E84 /* ViewController.swift in Sources */ = {isa = PBXBuildFile; fileRef = 746A35571ED6276E00654E84 /* ViewController.swift */; };
		746A355B1ED6276E00654E84 /* Main.storyboard in Resources */ = {isa = PBXBuildFile; fileRef = 746A35591ED6276E00654E84 /* Main.storyboard */; };
		746A355D1ED6276E00654E84 /* Assets.xcassets in Resources */ = {isa = PBXBuildFile; fileRef = 746A355C1ED6276E00654E84 /* Assets.xcassets */; };
		746A35601ED6276E00654E84 /* LaunchScreen.storyboard in Resources */ = {isa = PBXBuildFile; fileRef = 746A355E1ED6276E00654E84 /* LaunchScreen.storyboard */; };
		74AF8BBC1ED74F2700DD55C9 /* Sub.storyboard in Resources */ = {isa = PBXBuildFile; fileRef = 74AF8BBB1ED74F2700DD55C9 /* Sub.storyboard */; };
/* End PBXBuildFile section */

/* Begin PBXFileReference section */
		746A35521ED6276E00654E84 /* practice2-addView.app */ = {isa = PBXFileReference; explicitFileType = wrapper.application; includeInIndex = 0; path = "practice2-addView.app"; sourceTree = BUILT_PRODUCTS_DIR; };
		746A35551ED6276E00654E84 /* AppDelegate.swift */ = {isa = PBXFileReference; lastKnownFileType = sourcecode.swift; path = AppDelegate.swift; sourceTree = "<group>"; };
		746A35571ED6276E00654E84 /* ViewController.swift */ = {isa = PBXFileReference; lastKnownFileType = sourcecode.swift; path = ViewController.swift; sourceTree = "<group>"; };
		746A355A1ED6276E00654E84 /* Base */ = {isa = PBXFileReference; lastKnownFileType = file.storyboard; name = Base; path = Base.lproj/Main.storyboard; sourceTree = "<group>"; };
		746A355C1ED6276E00654E84 /* Assets.xcassets */ = {isa = PBXFileReference; lastKnownFileType = folder.assetcatalog; path = Assets.xcassets; sourceTree = "<group>"; };
		746A355F1ED6276E00654E84 /* Base */ = {isa = PBXFileReference; lastKnownFileType = file.storyboard; name = Base; path = Base.lproj/LaunchScreen.storyboard; sourceTree = "<group>"; };
		746A35611ED6276E00654E84 /* Info.plist */ = {isa = PBXFileReference; lastKnownFileType = text.plist.xml; path = Info.plist; sourceTree = "<group>"; };
		74AF8BBB1ED74F2700DD55C9 /* Sub.storyboard */ = {isa = PBXFileReference; fileEncoding = 4; lastKnownFileType = file.storyboard; path = Sub.storyboard; sourceTree = "<group>"; };
/* End PBXFileReference section */

/* Begin PBXFrameworksBuildPhase section */
		746A354F1ED6276E00654E84 /* Frameworks */ = {
			isa = PBXFrameworksBuildPhase;
			buildActionMask = 2147483647;
			files = (
			);
			runOnlyForDeploymentPostprocessing = 0;
		};
/* End PBXFrameworksBuildPhase section */

/* Begin PBXGroup section */
		746A35491ED6276E00654E84 = {
			isa = PBXGroup;
			children = (
				746A35541ED6276E00654E84 /* practice2-addView */,
				746A35531ED6276E00654E84 /* Products */,
			);
			sourceTree = "<group>";
		};
		746A35531ED6276E00654E84 /* Products */ = {
			isa = PBXGroup;
			children = (
				746A35521ED6276E00654E84 /* practice2-addView.app */,
			);
			name = Products;
			sourceTree = "<group>";
		};
		746A35541ED6276E00654E84 /* practice2-addView */ = {
			isa = PBXGroup;
			children = (
				746A35551ED6276E00654E84 /* AppDelegate.swift */,
				746A35571ED6276E00654E84 /* ViewController.swift */,
				74AF8BBB1ED74F2700DD55C9 /* Sub.storyboard */,
				746A35591ED6276E00654E84 /* Main.storyboard */,
				746A355C1ED6276E00654E84 /* Assets.xcassets */,
				746A355E1ED6276E00654E84 /* LaunchScreen.storyboard */,
				746A35611ED6276E00654E84 /* Info.plist */,
			);
			path = "practice2-addView";
			sourceTree = "<group>";
		};
/* End PBXGroup section */

/* Begin PBXNativeTarget section */
		746A35511ED6276E00654E84 /* practice2-addView */ = {
			isa = PBXNativeTarget;
			buildConfigurationList = 746A35641ED6276E00654E84 /* Build configuration list for PBXNativeTarget "practice2-addView" */;
			buildPhases = (
				746A354E1ED6276E00654E84 /* Sources */,
				746A354F1ED6276E00654E84 /* Frameworks */,
				746A35501ED6276E00654E84 /* Resources */,
			);
			buildRules = (
			);
			dependencies = (
			);
			name = "practice2-addView";
			productName = "practice2-addView";
			productReference = 746A35521ED6276E00654E84 /* practice2-addView.app */;
			productType = "com.apple.product-type.application";
		};
/* End PBXNativeTarget section */

/* Begin PBXProject section */
		746A354A1ED6276E00654E84 /* Project object */ = {
			isa = PBXProject;
			attributes = {
				LastSwiftUpdateCheck = 0830;
				LastUpgradeCheck = 0830;
				ORGANIZATIONNAME = ayako_sayama;
				TargetAttributes = {
					746A35511ED6276E00654E84 = {
						CreatedOnToolsVersion = 8.3.2;
						ProvisioningStyle = Automatic;
					};
				};
			};
			buildConfigurationList = 746A354D1ED6276E00654E84 /* Build configuration list for PBXProject "practice2-addView" */;
			compatibilityVersion = "Xcode 3.2";
			developmentRegion = English;
			hasScannedForEncodings = 0;
			knownRegions = (
				en,
				Base,
			);
			mainGroup = 746A35491ED6276E00654E84;
			productRefGroup = 746A35531ED6276E00654E84 /* Products */;
			projectDirPath = "";
			projectRoot = "";
			targets = (
				746A35511ED6276E00654E84 /* practice2-addView */,
			);
		};
/* End PBXProject section */

/* Begin PBXResourcesBuildPhase section */
		746A35501ED6276E00654E84 /* Resources */ = {
			isa = PBXResourcesBuildPhase;
			buildActionMask = 2147483647;
			files = (
				746A35601ED6276E00654E84 /* LaunchScreen.storyboard in Resources */,
				746A355D1ED6276E00654E84 /* Assets.xcassets in Resources */,
				746A355B1ED6276E00654E84 /* Main.storyboard in Resources */,
				74AF8BBC1ED74F2700DD55C9 /* Sub.storyboard in Resources */,
			);
			runOnlyForDeploymentPostprocessing = 0;
		};
/* End PBXResourcesBuildPhase section */

/* Begin PBXSourcesBuildPhase section */
		746A354E1ED6276E00654E84 /* Sources */ = {
			isa = PBXSourcesBuildPhase;
			buildActionMask = 2147483647;
			files = (
				746A35581ED6276E00654E84 /* ViewController.swift in Sources */,
				746A35561ED6276E00654E84 /* AppDelegate.swift in Sources */,
			);
			runOnlyForDeploymentPostprocessing = 0;
		};
/* End PBXSourcesBuildPhase section */

/* Begin PBXVariantGroup section */
		746A35591ED6276E00654E84 /* Main.storyboard */ = {
			isa = PBXVariantGroup;
			children = (
				746A355A1ED6276E00654E84 /* Base */,
			);
			name = Main.storyboard;
			sourceTree = "<group>";
		};
		746A355E1ED6276E00654E84 /* LaunchScreen.storyboard */ = {
			isa = PBXVariantGroup;
			children = (
				746A355F1ED6276E00654E84 /* Base */,
			);
			name = LaunchScreen.storyboard;
			sourceTree = "<group>";
		};
/* End PBXVariantGroup section */

/* Begin XCBuildConfiguration section */
		746A35621ED6276E00654E84 /* Debug */ = {
			isa = XCBuildConfiguration;
			buildSettings = {
				ALWAYS_SEARCH_USER_PATHS = NO;
				CLANG_ANALYZER_NONNULL = YES;
				CLANG_ANALYZER_NUMBER_OBJECT_CONVERSION = YES_AGGRESSIVE;
				CLANG_CXX_LANGUAGE_STANDARD = "gnu++0x";
				CLANG_CXX_LIBRARY = "libc++";
				CLANG_ENABLE_MODULES = YES;
				CLANG_ENABLE_OBJC_ARC = YES;
				CLANG_WARN_BOOL_CONVERSION = YES;
				CLANG_WARN_CONSTANT_CONVERSION = YES;
				CLANG_WARN_DIRECT_OBJC_ISA_USAGE = YES_ERROR;
				CLANG_WARN_DOCUMENTATION_COMMENTS = YES;
				CLANG_WARN_EMPTY_BODY = YES;
				CLANG_WARN_ENUM_CONVERSION = YES;
				CLANG_WARN_INFINITE_RECURSION = YES;
				CLANG_WARN_INT_CONVERSION = YES;
				CLANG_WARN_OBJC_ROOT_CLASS = YES_ERROR;
				CLANG_WARN_SUSPICIOUS_MOVE = YES;
				CLANG_WARN_UNREACHABLE_CODE = YES;
				CLANG_WARN__DUPLICATE_METHOD_MATCH = YES;
				"CODE_SIGN_IDENTITY[sdk=iphoneos*]" = "iPhone Developer";
				COPY_PHASE_STRIP = NO;
				DEBUG_INFORMATION_FORMAT = dwarf;
				ENABLE_STRICT_OBJC_MSGSEND = YES;
				ENABLE_TESTABILITY = YES;
				GCC_C_LANGUAGE_STANDARD = gnu99;
				GCC_DYNAMIC_NO_PIC = NO;
				GCC_NO_COMMON_BLOCKS = YES;
				GCC_OPTIMIZATION_LEVEL = 0;
				GCC_PREPROCESSOR_DEFINITIONS = (
					"DEBUG=1",
					"$(inherited)",
				);
				GCC_WARN_64_TO_32_BIT_CONVERSION = YES;
				GCC_WARN_ABOUT_RETURN_TYPE = YES_ERROR;
				GCC_WARN_UNDECLARED_SELECTOR = YES;
				GCC_WARN_UNINITIALIZED_AUTOS = YES_AGGRESSIVE;
				GCC_WARN_UNUSED_FUNCTION = YES;
				GCC_WARN_UNUSED_VARIABLE = YES;
				IPHONEOS_DEPLOYMENT_TARGET = 10.3;
				MTL_ENABLE_DEBUG_INFO = YES;
				ONLY_ACTIVE_ARCH = YES;
				SDKROOT = iphoneos;
				SWIFT_ACTIVE_COMPILATION_CONDITIONS = DEBUG;
				SWIFT_OPTIMIZATION_LEVEL = "-Onone";
				TARGETED_DEVICE_FAMILY = "1,2";
			};
			name = Debug;
		};
		746A35631ED6276E00654E84 /* Release */ = {
			isa = XCBuildConfiguration;
			buildSettings = {
				ALWAYS_SEARCH_USER_PATHS = NO;
				CLANG_ANALYZER_NONNULL = YES;
				CLANG_ANALYZER_NUMBER_OBJECT_CONVERSION = YES_AGGRESSIVE;
				CLANG_CXX_LANGUAGE_STANDARD = "gnu++0x";
				CLANG_CXX_LIBRARY = "libc++";
				CLANG_ENABLE_MODULES = YES;
				CLANG_ENABLE_OBJC_ARC = YES;
				CLANG_WARN_BOOL_CONVERSION = YES;
				CLANG_WARN_CONSTANT_CONVERSION = YES;
				CLANG_WARN_DIRECT_OBJC_ISA_USAGE = YES_ERROR;
				CLANG_WARN_DOCUMENTATION_COMMENTS = YES;
				CLANG_WARN_EMPTY_BODY = YES;
				CLANG_WARN_ENUM_CONVERSION = YES;
				CLANG_WARN_INFINITE_RECURSION = YES;
				CLANG_WARN_INT_CONVERSION = YES;
				CLANG_WARN_OBJC_ROOT_CLASS = YES_ERROR;
				CLANG_WARN_SUSPICIOUS_MOVE = YES;
				CLANG_WARN_UNREACHABLE_CODE = YES;
				CLANG_WARN__DUPLICATE_METHOD_MATCH = YES;
				"CODE_SIGN_IDENTITY[sdk=iphoneos*]" = "iPhone Developer";
				COPY_PHASE_STRIP = NO;
				DEBUG_INFORMATION_FORMAT = "dwarf-with-dsym";
				ENABLE_NS_ASSERTIONS = NO;
				ENABLE_STRICT_OBJC_MSGSEND = YES;
				GCC_C_LANGUAGE_STANDARD = gnu99;
				GCC_NO_COMMON_BLOCKS = YES;
				GCC_WARN_64_TO_32_BIT_CONVERSION = YES;
				GCC_WARN_ABOUT_RETURN_TYPE = YES_ERROR;
				GCC_WARN_UNDECLARED_SELECTOR = YES;
				GCC_WARN_UNINITIALIZED_AUTOS = YES_AGGRESSIVE;
				GCC_WARN_UNUSED_FUNCTION = YES;
				GCC_WARN_UNUSED_VARIABLE = YES;
				IPHONEOS_DEPLOYMENT_TARGET = 10.3;
				MTL_ENABLE_DEBUG_INFO = NO;
				SDKROOT = iphoneos;
				SWIFT_OPTIMIZATION_LEVEL = "-Owholemodule";
				TARGETED_DEVICE_FAMILY = "1,2";
				VALIDATE_PRODUCT = YES;
			};
			name = Release;
		};
		746A35651ED6276E00654E84 /* Debug */ = {
			isa = XCBuildConfiguration;
			buildSettings = {
				ASSETCATALOG_COMPILER_APPICON_NAME = AppIcon;
				INFOPLIST_FILE = "practice2-addView/Info.plist";
				LD_RUNPATH_SEARCH_PATHS = "$(inherited) @executable_path/Frameworks";
				PRODUCT_BUNDLE_IDENTIFIER = "com.ayakosayama.practice2-addView";
				PRODUCT_NAME = "$(TARGET_NAME)";
				SWIFT_VERSION = 3.0;
			};
			name = Debug;
		};
		746A35661ED6276E00654E84 /* Release */ = {
			isa = XCBuildConfiguration;
			buildSettings = {
				ASSETCATALOG_COMPILER_APPICON_NAME = AppIcon;
				INFOPLIST_FILE = "practice2-addView/Info.plist";
				LD_RUNPATH_SEARCH_PATHS = "$(inherited) @executable_path/Frameworks";
				PRODUCT_BUNDLE_IDENTIFIER = "com.ayakosayama.practice2-addView";
				PRODUCT_NAME = "$(TARGET_NAME)";
				SWIFT_VERSION = 3.0;
			};
			name = Release;
		};
/* End XCBuildConfiguration section */

/* Begin XCConfigurationList section */
		746A354D1ED6276E00654E84 /* Build configuration list for PBXProject "practice2-addView" */ = {
			isa = XCConfigurationList;
			buildConfigurations = (
				746A35621ED6276E00654E84 /* Debug */,
				746A35631ED6276E00654E84 /* Release */,
			);
			defaultConfigurationIsVisible = 0;
			defaultConfigurationName = Release;
		};
		746A35641ED6276E00654E84 /* Build configuration list for PBXNativeTarget "practice2-addView" */ = {
			isa = XCConfigurationList;
			buildConfigurations = (
				746A35651ED6276E00654E84 /* Debug */,
				746A35661ED6276E00654E84 /* Release */,
			);
			defaultConfigurationIsVisible = 0;
			defaultConfigurationName = Release;
		};
/* End XCConfigurationList section */
	};
	rootObject = 746A354A1ED6276E00654E84 /* Project object */;
}
