// !$*UTF8*$!
{
	archiveVersion = 1;
	classes = {
	};
	objectVersion = 46;
	objects = {

/* Begin PBXBuildFile section */
		749910CE1ED8C9CD00581369 /* Storyboard2.storyboard in Resources */ = {isa = PBXBuildFile; fileRef = 749910CD1ED8C9CD00581369 /* Storyboard2.storyboard */; };
		749910D01ED8CA3C00581369 /* Storyboard2ViewController.swift in Sources */ = {isa = PBXBuildFile; fileRef = 749910CF1ED8CA3C00581369 /* Storyboard2ViewController.swift */; };
		74AF8BE81ED777F800DD55C9 /* AppDelegate.swift in Sources */ = {isa = PBXBuildFile; fileRef = 74AF8BE71ED777F800DD55C9 /* AppDelegate.swift */; };
		74AF8BEA1ED777F800DD55C9 /* ViewController.swift in Sources */ = {isa = PBXBuildFile; fileRef = 74AF8BE91ED777F800DD55C9 /* ViewController.swift */; };
		74AF8BED1ED777F800DD55C9 /* Main.storyboard in Resources */ = {isa = PBXBuildFile; fileRef = 74AF8BEB1ED777F800DD55C9 /* Main.storyboard */; };
		74AF8BEF1ED777F800DD55C9 /* Assets.xcassets in Resources */ = {isa = PBXBuildFile; fileRef = 74AF8BEE1ED777F800DD55C9 /* Assets.xcassets */; };
		74AF8BF21ED777F800DD55C9 /* LaunchScreen.storyboard in Resources */ = {isa = PBXBuildFile; fileRef = 74AF8BF01ED777F800DD55C9 /* LaunchScreen.storyboard */; };
/* End PBXBuildFile section */

/* Begin PBXFileReference section */
		749910CD1ED8C9CD00581369 /* Storyboard2.storyboard */ = {isa = PBXFileReference; fileEncoding = 4; lastKnownFileType = file.storyboard; path = Storyboard2.storyboard; sourceTree = "<group>"; };
		749910CF1ED8CA3C00581369 /* Storyboard2ViewController.swift */ = {isa = PBXFileReference; fileEncoding = 4; lastKnownFileType = sourcecode.swift; path = Storyboard2ViewController.swift; sourceTree = "<group>"; };
		74AF8BE41ED777F800DD55C9 /* practice3_animation.app */ = {isa = PBXFileReference; explicitFileType = wrapper.application; includeInIndex = 0; path = practice3_animation.app; sourceTree = BUILT_PRODUCTS_DIR; };
		74AF8BE71ED777F800DD55C9 /* AppDelegate.swift */ = {isa = PBXFileReference; lastKnownFileType = sourcecode.swift; path = AppDelegate.swift; sourceTree = "<group>"; };
		74AF8BE91ED777F800DD55C9 /* ViewController.swift */ = {isa = PBXFileReference; lastKnownFileType = sourcecode.swift; path = ViewController.swift; sourceTree = "<group>"; };
		74AF8BEC1ED777F800DD55C9 /* Base */ = {isa = PBXFileReference; lastKnownFileType = file.storyboard; name = Base; path = Base.lproj/Main.storyboard; sourceTree = "<group>"; };
		74AF8BEE1ED777F800DD55C9 /* Assets.xcassets */ = {isa = PBXFileReference; lastKnownFileType = folder.assetcatalog; path = Assets.xcassets; sourceTree = "<group>"; };
		74AF8BF11ED777F800DD55C9 /* Base */ = {isa = PBXFileReference; lastKnownFileType = file.storyboard; name = Base; path = Base.lproj/LaunchScreen.storyboard; sourceTree = "<group>"; };
		74AF8BF31ED777F800DD55C9 /* Info.plist */ = {isa = PBXFileReference; lastKnownFileType = text.plist.xml; path = Info.plist; sourceTree = "<group>"; };
/* End PBXFileReference section */

/* Begin PBXFrameworksBuildPhase section */
		74AF8BE11ED777F800DD55C9 /* Frameworks */ = {
			isa = PBXFrameworksBuildPhase;
			buildActionMask = 2147483647;
			files = (
			);
			runOnlyForDeploymentPostprocessing = 0;
		};
/* End PBXFrameworksBuildPhase section */

/* Begin PBXGroup section */
		74AF8BDB1ED777F700DD55C9 = {
			isa = PBXGroup;
			children = (
				74AF8BE61ED777F800DD55C9 /* practice3_animation */,
				74AF8BE51ED777F800DD55C9 /* Products */,
			);
			sourceTree = "<group>";
		};
		74AF8BE51ED777F800DD55C9 /* Products */ = {
			isa = PBXGroup;
			children = (
				74AF8BE41ED777F800DD55C9 /* practice3_animation.app */,
			);
			name = Products;
			sourceTree = "<group>";
		};
		74AF8BE61ED777F800DD55C9 /* practice3_animation */ = {
			isa = PBXGroup;
			children = (
				74AF8BE71ED777F800DD55C9 /* AppDelegate.swift */,
				74AF8BE91ED777F800DD55C9 /* ViewController.swift */,
				74AF8BEB1ED777F800DD55C9 /* Main.storyboard */,
				749910CD1ED8C9CD00581369 /* Storyboard2.storyboard */,
				74AF8BEE1ED777F800DD55C9 /* Assets.xcassets */,
				74AF8BF01ED777F800DD55C9 /* LaunchScreen.storyboard */,
				74AF8BF31ED777F800DD55C9 /* Info.plist */,
				749910CF1ED8CA3C00581369 /* Storyboard2ViewController.swift */,
			);
			path = practice3_animation;
			sourceTree = "<group>";
		};
/* End PBXGroup section */

/* Begin PBXNativeTarget section */
		74AF8BE31ED777F800DD55C9 /* practice3_animation */ = {
			isa = PBXNativeTarget;
			buildConfigurationList = 74AF8BF61ED777F800DD55C9 /* Build configuration list for PBXNativeTarget "practice3_animation" */;
			buildPhases = (
				74AF8BE01ED777F800DD55C9 /* Sources */,
				74AF8BE11ED777F800DD55C9 /* Frameworks */,
				74AF8BE21ED777F800DD55C9 /* Resources */,
			);
			buildRules = (
			);
			dependencies = (
			);
			name = practice3_animation;
			productName = practice3_animation;
			productReference = 74AF8BE41ED777F800DD55C9 /* practice3_animation.app */;
			productType = "com.apple.product-type.application";
		};
/* End PBXNativeTarget section */

/* Begin PBXProject section */
		74AF8BDC1ED777F700DD55C9 /* Project object */ = {
			isa = PBXProject;
			attributes = {
				LastSwiftUpdateCheck = 0830;
				LastUpgradeCheck = 0830;
				ORGANIZATIONNAME = ayako_sayama;
				TargetAttributes = {
					74AF8BE31ED777F800DD55C9 = {
						CreatedOnToolsVersion = 8.3.2;
						ProvisioningStyle = Automatic;
					};
				};
			};
			buildConfigurationList = 74AF8BDF1ED777F700DD55C9 /* Build configuration list for PBXProject "practice3_animation" */;
			compatibilityVersion = "Xcode 3.2";
			developmentRegion = English;
			hasScannedForEncodings = 0;
			knownRegions = (
				en,
				Base,
			);
			mainGroup = 74AF8BDB1ED777F700DD55C9;
			productRefGroup = 74AF8BE51ED777F800DD55C9 /* Products */;
			projectDirPath = "";
			projectRoot = "";
			targets = (
				74AF8BE31ED777F800DD55C9 /* practice3_animation */,
			);
		};
/* End PBXProject section */

/* Begin PBXResourcesBuildPhase section */
		74AF8BE21ED777F800DD55C9 /* Resources */ = {
			isa = PBXResourcesBuildPhase;
			buildActionMask = 2147483647;
			files = (
				749910CE1ED8C9CD00581369 /* Storyboard2.storyboard in Resources */,
				74AF8BF21ED777F800DD55C9 /* LaunchScreen.storyboard in Resources */,
				74AF8BEF1ED777F800DD55C9 /* Assets.xcassets in Resources */,
				74AF8BED1ED777F800DD55C9 /* Main.storyboard in Resources */,
			);
			runOnlyForDeploymentPostprocessing = 0;
		};
/* End PBXResourcesBuildPhase section */

/* Begin PBXSourcesBuildPhase section */
		74AF8BE01ED777F800DD55C9 /* Sources */ = {
			isa = PBXSourcesBuildPhase;
			buildActionMask = 2147483647;
			files = (
				749910D01ED8CA3C00581369 /* Storyboard2ViewController.swift in Sources */,
				74AF8BEA1ED777F800DD55C9 /* ViewController.swift in Sources */,
				74AF8BE81ED777F800DD55C9 /* AppDelegate.swift in Sources */,
			);
			runOnlyForDeploymentPostprocessing = 0;
		};
/* End PBXSourcesBuildPhase section */

/* Begin PBXVariantGroup section */
		74AF8BEB1ED777F800DD55C9 /* Main.storyboard */ = {
			isa = PBXVariantGroup;
			children = (
				74AF8BEC1ED777F800DD55C9 /* Base */,
			);
			name = Main.storyboard;
			sourceTree = "<group>";
		};
		74AF8BF01ED777F800DD55C9 /* LaunchScreen.storyboard */ = {
			isa = PBXVariantGroup;
			children = (
				74AF8BF11ED777F800DD55C9 /* Base */,
			);
			name = LaunchScreen.storyboard;
			sourceTree = "<group>";
		};
/* End PBXVariantGroup section */

/* Begin XCBuildConfiguration section */
		74AF8BF41ED777F800DD55C9 /* Debug */ = {
			isa = XCBuildConfiguration;
			buildSettings = {
				ALWAYS_SEARCH_USER_PATHS = NO;
				CLANG_ANALYZER_NONNULL = YES;
				CLANG_ANALYZER_NUMBER_OBJECT_CONVERSION = YES_AGGRESSIVE;
				CLANG_CXX_LANGUAGE_STANDARD = "gnu++0x";
				CLANG_CXX_LIBRARY = "libc++";
				CLANG_ENABLE_MODULES = YES;
				CLANG_ENABLE_OBJC_ARC = YES;
				CLANG_WARN_BOOL_CONVERSION = YES;
				CLANG_WARN_CONSTANT_CONVERSION = YES;
				CLANG_WARN_DIRECT_OBJC_ISA_USAGE = YES_ERROR;
				CLANG_WARN_DOCUMENTATION_COMMENTS = YES;
				CLANG_WARN_EMPTY_BODY = YES;
				CLANG_WARN_ENUM_CONVERSION = YES;
				CLANG_WARN_INFINITE_RECURSION = YES;
				CLANG_WARN_INT_CONVERSION = YES;
				CLANG_WARN_OBJC_ROOT_CLASS = YES_ERROR;
				CLANG_WARN_SUSPICIOUS_MOVE = YES;
				CLANG_WARN_UNREACHABLE_CODE = YES;
				CLANG_WARN__DUPLICATE_METHOD_MATCH = YES;
				"CODE_SIGN_IDENTITY[sdk=iphoneos*]" = "iPhone Developer";
				COPY_PHASE_STRIP = NO;
				DEBUG_INFORMATION_FORMAT = dwarf;
				ENABLE_STRICT_OBJC_MSGSEND = YES;
				ENABLE_TESTABILITY = YES;
				GCC_C_LANGUAGE_STANDARD = gnu99;
				GCC_DYNAMIC_NO_PIC = NO;
				GCC_NO_COMMON_BLOCKS = YES;
				GCC_OPTIMIZATION_LEVEL = 0;
				GCC_PREPROCESSOR_DEFINITIONS = (
					"DEBUG=1",
					"$(inherited)",
				);
				GCC_WARN_64_TO_32_BIT_CONVERSION = YES;
				GCC_WARN_ABOUT_RETURN_TYPE = YES_ERROR;
				GCC_WARN_UNDECLARED_SELECTOR = YES;
				GCC_WARN_UNINITIALIZED_AUTOS = YES_AGGRESSIVE;
				GCC_WARN_UNUSED_FUNCTION = YES;
				GCC_WARN_UNUSED_VARIABLE = YES;
				IPHONEOS_DEPLOYMENT_TARGET = 10.3;
				MTL_ENABLE_DEBUG_INFO = YES;
				ONLY_ACTIVE_ARCH = YES;
				SDKROOT = iphoneos;
				SWIFT_ACTIVE_COMPILATION_CONDITIONS = DEBUG;
				SWIFT_OPTIMIZATION_LEVEL = "-Onone";
				TARGETED_DEVICE_FAMILY = "1,2";
			};
			name = Debug;
		};
		74AF8BF51ED777F800DD55C9 /* Release */ = {
			isa = XCBuildConfiguration;
			buildSettings = {
				ALWAYS_SEARCH_USER_PATHS = NO;
				CLANG_ANALYZER_NONNULL = YES;
				CLANG_ANALYZER_NUMBER_OBJECT_CONVERSION = YES_AGGRESSIVE;
				CLANG_CXX_LANGUAGE_STANDARD = "gnu++0x";
				CLANG_CXX_LIBRARY = "libc++";
				CLANG_ENABLE_MODULES = YES;
				CLANG_ENABLE_OBJC_ARC = YES;
				CLANG_WARN_BOOL_CONVERSION = YES;
				CLANG_WARN_CONSTANT_CONVERSION = YES;
				CLANG_WARN_DIRECT_OBJC_ISA_USAGE = YES_ERROR;
				CLANG_WARN_DOCUMENTATION_COMMENTS = YES;
				CLANG_WARN_EMPTY_BODY = YES;
				CLANG_WARN_ENUM_CONVERSION = YES;
				CLANG_WARN_INFINITE_RECURSION = YES;
				CLANG_WARN_INT_CONVERSION = YES;
				CLANG_WARN_OBJC_ROOT_CLASS = YES_ERROR;
				CLANG_WARN_SUSPICIOUS_MOVE = YES;
				CLANG_WARN_UNREACHABLE_CODE = YES;
				CLANG_WARN__DUPLICATE_METHOD_MATCH = YES;
				"CODE_SIGN_IDENTITY[sdk=iphoneos*]" = "iPhone Developer";
				COPY_PHASE_STRIP = NO;
				DEBUG_INFORMATION_FORMAT = "dwarf-with-dsym";
				ENABLE_NS_ASSERTIONS = NO;
				ENABLE_STRICT_OBJC_MSGSEND = YES;
				GCC_C_LANGUAGE_STANDARD = gnu99;
				GCC_NO_COMMON_BLOCKS = YES;
				GCC_WARN_64_TO_32_BIT_CONVERSION = YES;
				GCC_WARN_ABOUT_RETURN_TYPE = YES_ERROR;
				GCC_WARN_UNDECLARED_SELECTOR = YES;
				GCC_WARN_UNINITIALIZED_AUTOS = YES_AGGRESSIVE;
				GCC_WARN_UNUSED_FUNCTION = YES;
				GCC_WARN_UNUSED_VARIABLE = YES;
				IPHONEOS_DEPLOYMENT_TARGET = 10.3;
				MTL_ENABLE_DEBUG_INFO = NO;
				SDKROOT = iphoneos;
				SWIFT_OPTIMIZATION_LEVEL = "-Owholemodule";
				TARGETED_DEVICE_FAMILY = "1,2";
				VALIDATE_PRODUCT = YES;
			};
			name = Release;
		};
		74AF8BF71ED777F800DD55C9 /* Debug */ = {
			isa = XCBuildConfiguration;
			buildSettings = {
				ASSETCATALOG_COMPILER_APPICON_NAME = AppIcon;
				INFOPLIST_FILE = practice3_animation/Info.plist;
				LD_RUNPATH_SEARCH_PATHS = "$(inherited) @executable_path/Frameworks";
				PRODUCT_BUNDLE_IDENTIFIER = "com.ayakosayama.practice3-animation";
				PRODUCT_NAME = "$(TARGET_NAME)";
				SWIFT_VERSION = 3.0;
			};
			name = Debug;
		};
		74AF8BF81ED777F800DD55C9 /* Release */ = {
			isa = XCBuildConfiguration;
			buildSettings = {
				ASSETCATALOG_COMPILER_APPICON_NAME = AppIcon;
				INFOPLIST_FILE = practice3_animation/Info.plist;
				LD_RUNPATH_SEARCH_PATHS = "$(inherited) @executable_path/Frameworks";
				PRODUCT_BUNDLE_IDENTIFIER = "com.ayakosayama.practice3-animation";
				PRODUCT_NAME = "$(TARGET_NAME)";
				SWIFT_VERSION = 3.0;
			};
			name = Release;
		};
/* End XCBuildConfiguration section */

/* Begin XCConfigurationList section */
		74AF8BDF1ED777F700DD55C9 /* Build configuration list for PBXProject "practice3_animation" */ = {
			isa = XCConfigurationList;
			buildConfigurations = (
				74AF8BF41ED777F800DD55C9 /* Debug */,
				74AF8BF51ED777F800DD55C9 /* Release */,
			);
			defaultConfigurationIsVisible = 0;
			defaultConfigurationName = Release;
		};
		74AF8BF61ED777F800DD55C9 /* Build configuration list for PBXNativeTarget "practice3_animation" */ = {
			isa = XCConfigurationList;
			buildConfigurations = (
				74AF8BF71ED777F800DD55C9 /* Debug */,
				74AF8BF81ED777F800DD55C9 /* Release */,
			);
			defaultConfigurationIsVisible = 0;
			defaultConfigurationName = Release;
		};
/* End XCConfigurationList section */
	};
	rootObject = 74AF8BDC1ED777F700DD55C9 /* Project object */;
}
